// !$*UTF8*$!
{
	archiveVersion = 1;
	classes = {
	};
	objectVersion = 46;
	objects = {

/* Begin PBXBuildFile section */
		164F83F71EBAB69E002318A6 /* YJPhotoAddBtnCollectionViewCell.m in Sources */ = {isa = PBXBuildFile; fileRef = 164F83F61EBAB69E002318A6 /* YJPhotoAddBtnCollectionViewCell.m */; };
		164F83FA1EBAC283002318A6 /* YJPhotoDisplayCollectionViewCell.m in Sources */ = {isa = PBXBuildFile; fileRef = 164F83F91EBAC283002318A6 /* YJPhotoDisplayCollectionViewCell.m */; };
		1661FE161EB864C900583A7F /* UIColor+colorValues.m in Sources */ = {isa = PBXBuildFile; fileRef = 1661FE151EB864C900583A7F /* UIColor+colorValues.m */; };
		1661FE191EB86A1100583A7F /* YYFunctionListFlowLayout.m in Sources */ = {isa = PBXBuildFile; fileRef = 1661FE181EB86A1100583A7F /* YYFunctionListFlowLayout.m */; };
		1661FE1C1EB86D8F00583A7F /* YYFunctionCollectionViewCell.m in Sources */ = {isa = PBXBuildFile; fileRef = 1661FE1B1EB86D8F00583A7F /* YYFunctionCollectionViewCell.m */; };
		1661FE1E1EB8761900583A7F /* FunctionsList.plist in Resources */ = {isa = PBXBuildFile; fileRef = 1661FE1D1EB8761900583A7F /* FunctionsList.plist */; };
		1661FE211EB8777800583A7F /* NSArray+Addition.m in Sources */ = {isa = PBXBuildFile; fileRef = 1661FE201EB8777800583A7F /* NSArray+Addition.m */; };
		1661FE241EB8788700583A7F /* NSObject+Addition.m in Sources */ = {isa = PBXBuildFile; fileRef = 1661FE231EB8788700583A7F /* NSObject+Addition.m */; };
		1661FE271EB8789100583A7F /* UILabel+Addition.m in Sources */ = {isa = PBXBuildFile; fileRef = 1661FE261EB8789100583A7F /* UILabel+Addition.m */; };
		1661FE2A1EB8792100583A7F /* YYPropertyFunctionList.m in Sources */ = {isa = PBXBuildFile; fileRef = 1661FE291EB8792100583A7F /* YYPropertyFunctionList.m */; };
		1661FE2D1EB880BF00583A7F /* YYPropertyTableViewCell.m in Sources */ = {isa = PBXBuildFile; fileRef = 1661FE2C1EB880BF00583A7F /* YYPropertyTableViewCell.m */; };
		1661FE301EB88B4800583A7F /* YYPropertyItemModel.m in Sources */ = {isa = PBXBuildFile; fileRef = 1661FE2F1EB88B4800583A7F /* YYPropertyItemModel.m */; };
		1661FE361EB89D4000583A7F /* YYCircleTableViewCell.m in Sources */ = {isa = PBXBuildFile; fileRef = 1661FE351EB89D4000583A7F /* YYCircleTableViewCell.m */; };
		166FF4921EBC097E00846A59 /* YJRepairRecordTableViewCell.m in Sources */ = {isa = PBXBuildFile; fileRef = 1621A4331EBB2C6200BDAF10 /* YJRepairRecordTableViewCell.m */; };
		166FF4931EBC098A00846A59 /* UIView+Extension.m in Sources */ = {isa = PBXBuildFile; fileRef = 164F83FF1EBAC3DF002318A6 /* UIView+Extension.m */; };
		166FF4961EBC09D600846A59 /* YJRepairSectionTwoTableViewCell.m in Sources */ = {isa = PBXBuildFile; fileRef = 164F84021EBB06EA002318A6 /* YJRepairSectionTwoTableViewCell.m */; };
		166FF4971EBC09E000846A59 /* IWComposeImageView.m in Sources */ = {isa = PBXBuildFile; fileRef = 164F83FC1EBAC391002318A6 /* IWComposeImageView.m */; };
		167130271EB964BD00CC2394 /* YJReportRepairVC.m in Sources */ = {isa = PBXBuildFile; fileRef = 167130261EB964BD00CC2394 /* YJReportRepairVC.m */; };
		1671302A1EB9745500CC2394 /* YJHeaderTitleBtn.m in Sources */ = {isa = PBXBuildFile; fileRef = 167130291EB9745500CC2394 /* YJHeaderTitleBtn.m */; };
		1671302D1EB9B92700CC2394 /* YJRepairBaseInfoTableViewCell.m in Sources */ = {isa = PBXBuildFile; fileRef = 1671302C1EB9B92700CC2394 /* YJRepairBaseInfoTableViewCell.m */; };
		167130301EB9F07100CC2394 /* BRPlaceholderTextView.m in Sources */ = {isa = PBXBuildFile; fileRef = 1671302F1EB9F07100CC2394 /* BRPlaceholderTextView.m */; };
		167130331EB9F7DD00CC2394 /* YJPhotoFlowLayout.m in Sources */ = {isa = PBXBuildFile; fileRef = 167130321EB9F7DD00CC2394 /* YJPhotoFlowLayout.m */; };
		168466A61EBB423000A98295 /* YJRepairRecordFlowLayout.m in Sources */ = {isa = PBXBuildFile; fileRef = 168466A51EBB423000A98295 /* YJRepairRecordFlowLayout.m */; };
		168466A91EBB495E00A98295 /* YJImageDisplayCollectionViewCell.m in Sources */ = {isa = PBXBuildFile; fileRef = 168466A81EBB495E00A98295 /* YJImageDisplayCollectionViewCell.m */; };
		3E984EEB1EB821EE0094CBE4 /* main.m in Sources */ = {isa = PBXBuildFile; fileRef = 3E984EEA1EB821EE0094CBE4 /* main.m */; };
		3E984EEE1EB821EE0094CBE4 /* AppDelegate.m in Sources */ = {isa = PBXBuildFile; fileRef = 3E984EED1EB821EE0094CBE4 /* AppDelegate.m */; };
		3E984EF41EB821EE0094CBE4 /* Main.storyboard in Resources */ = {isa = PBXBuildFile; fileRef = 3E984EF21EB821EE0094CBE4 /* Main.storyboard */; };
		3E984EF61EB821EE0094CBE4 /* Assets.xcassets in Resources */ = {isa = PBXBuildFile; fileRef = 3E984EF51EB821EE0094CBE4 /* Assets.xcassets */; };
		3E984EF91EB821EE0094CBE4 /* LaunchScreen.storyboard in Resources */ = {isa = PBXBuildFile; fileRef = 3E984EF71EB821EE0094CBE4 /* LaunchScreen.storyboard */; };
		3E984F041EB821EE0094CBE4 /* YuJiaTests.m in Sources */ = {isa = PBXBuildFile; fileRef = 3E984F031EB821EE0094CBE4 /* YuJiaTests.m */; };
		3E984F0F1EB821EE0094CBE4 /* YuJiaUITests.m in Sources */ = {isa = PBXBuildFile; fileRef = 3E984F0E1EB821EE0094CBE4 /* YuJiaUITests.m */; };
		3E984F2D1EB82AC50094CBE4 /* YYNavigationController.m in Sources */ = {isa = PBXBuildFile; fileRef = 3E984F261EB82AC50094CBE4 /* YYNavigationController.m */; };
		3E984F2E1EB82AC50094CBE4 /* YYTabBarController.m in Sources */ = {isa = PBXBuildFile; fileRef = 3E984F281EB82AC50094CBE4 /* YYTabBarController.m */; };
		3E984F2F1EB82AC50094CBE4 /* YYTabBar.m in Sources */ = {isa = PBXBuildFile; fileRef = 3E984F2A1EB82AC50094CBE4 /* YYTabBar.m */; };
		3E984F301EB82AC50094CBE4 /* YYTabBarItem.m in Sources */ = {isa = PBXBuildFile; fileRef = 3E984F2C1EB82AC50094CBE4 /* YYTabBarItem.m */; };
		3E984F481EB82B550094CBE4 /* HomePageViewController.m in Sources */ = {isa = PBXBuildFile; fileRef = 3E984F471EB82B550094CBE4 /* HomePageViewController.m */; };
		3E984F4B1EB82B6B0094CBE4 /* PropertyViewController.m in Sources */ = {isa = PBXBuildFile; fileRef = 3E984F4A1EB82B6B0094CBE4 /* PropertyViewController.m */; };
		3E984F4E1EB82B7E0094CBE4 /* CircleGroupViewController.m in Sources */ = {isa = PBXBuildFile; fileRef = 3E984F4D1EB82B7E0094CBE4 /* CircleGroupViewController.m */; };
		3E984F521EB82BA20094CBE4 /* PersonalViewController.m in Sources */ = {isa = PBXBuildFile; fileRef = 3E984F511EB82BA20094CBE4 /* PersonalViewController.m */; };
		3E984F621EB831170094CBE4 /* HttpClient.m in Sources */ = {isa = PBXBuildFile; fileRef = 3E984F551EB831170094CBE4 /* HttpClient.m */; };
		3E984F631EB831170094CBE4 /* NSArray+Log.m in Sources */ = {isa = PBXBuildFile; fileRef = 3E984F571EB831170094CBE4 /* NSArray+Log.m */; };
		3E984F641EB831170094CBE4 /* NSDictionary+Log.m in Sources */ = {isa = PBXBuildFile; fileRef = 3E984F591EB831170094CBE4 /* NSDictionary+Log.m */; };
		3E984F651EB831170094CBE4 /* NSString+unicode.m in Sources */ = {isa = PBXBuildFile; fileRef = 3E984F5B1EB831170094CBE4 /* NSString+unicode.m */; };
		3E984F661EB831170094CBE4 /* UIBarButtonItem+Helper.m in Sources */ = {isa = PBXBuildFile; fileRef = 3E984F5D1EB831170094CBE4 /* UIBarButtonItem+Helper.m */; };
		3E984F671EB831170094CBE4 /* UIColor+Extension.m in Sources */ = {isa = PBXBuildFile; fileRef = 3E984F5F1EB831170094CBE4 /* UIColor+Extension.m */; };
		3E984F681EB831170094CBE4 /* ZYAlertSView.m in Sources */ = {isa = PBXBuildFile; fileRef = 3E984F611EB831170094CBE4 /* ZYAlertSView.m */; };
		3E984F781EB897C20094CBE4 /* JXPageView.m in Sources */ = {isa = PBXBuildFile; fileRef = 3E984F771EB897C20094CBE4 /* JXPageView.m */; };
		3E984F7A1EB897CD0094CBE4 /* JXSegment.m in Sources */ = {isa = PBXBuildFile; fileRef = 3E984F791EB897CD0094CBE4 /* JXSegment.m */; };
		3E984F7D1EB89E210094CBE4 /* YYPersonalTableViewCell.m in Sources */ = {isa = PBXBuildFile; fileRef = 3E984F7C1EB89E210094CBE4 /* YYPersonalTableViewCell.m */; };
		3E984F7F1EB9AD110094CBE4 /* avatar.jpg in Resources */ = {isa = PBXBuildFile; fileRef = 3E984F7E1EB9AD110094CBE4 /* avatar.jpg */; };
		3E984F821EB9BD7F0094CBE4 /* MyBtnView.m in Sources */ = {isa = PBXBuildFile; fileRef = 3E984F811EB9BD7F0094CBE4 /* MyBtnView.m */; };
		3E984F8B1EB9C6CC0094CBE4 /* EquipmentTableViewCell.m in Sources */ = {isa = PBXBuildFile; fileRef = 3E984F8A1EB9C6CC0094CBE4 /* EquipmentTableViewCell.m */; };
		3E984F8E1EB9DB140094CBE4 /* SightSettingViewController.m in Sources */ = {isa = PBXBuildFile; fileRef = 3E984F8D1EB9DB140094CBE4 /* SightSettingViewController.m */; };
		3E984F8F1EB9E8830094CBE4 /* MMButton.m in Sources */ = {isa = PBXBuildFile; fileRef = 3E984F871EB9BF640094CBE4 /* MMButton.m */; };
		3E984F921EBB08980094CBE4 /* AddEquipmentViewController.m in Sources */ = {isa = PBXBuildFile; fileRef = 3E984F911EBB08980094CBE4 /* AddEquipmentViewController.m */; };
		3E984F951EBB110F0094CBE4 /* ConnectWifiViewController.m in Sources */ = {isa = PBXBuildFile; fileRef = 3E984F941EBB110F0094CBE4 /* ConnectWifiViewController.m */; };
		3E984F981EBB1C1B0094CBE4 /* SuccessConnectViewController.m in Sources */ = {isa = PBXBuildFile; fileRef = 3E984F971EBB1C1B0094CBE4 /* SuccessConnectViewController.m */; };
		3E984F9B1EBB1C280094CBE4 /* FailConnectViewController.m in Sources */ = {isa = PBXBuildFile; fileRef = 3E984F9A1EBB1C280094CBE4 /* FailConnectViewController.m */; };
		3E984F9E1EBB2B3D0094CBE4 /* SightViewController.m in Sources */ = {isa = PBXBuildFile; fileRef = 3E984F9D1EBB2B3D0094CBE4 /* SightViewController.m */; };
		3E984FA11EBB2B560094CBE4 /* EquipmentViewController.m in Sources */ = {isa = PBXBuildFile; fileRef = 3E984FA01EBB2B560094CBE4 /* EquipmentViewController.m */; };
		3E984FA41EBB383C0094CBE4 /* EquipmentSettingViewController.m in Sources */ = {isa = PBXBuildFile; fileRef = 3E984FA31EBB383C0094CBE4 /* EquipmentSettingViewController.m */; };
		3E984FA71EBB3D3A0094CBE4 /* RoomSettingViewController.m in Sources */ = {isa = PBXBuildFile; fileRef = 3E984FA61EBB3D3A0094CBE4 /* RoomSettingViewController.m */; };
		3E984FAA1EBC17450094CBE4 /* AddSightViewController.m in Sources */ = {isa = PBXBuildFile; fileRef = 3E984FA91EBC17450094CBE4 /* AddSightViewController.m */; };
		3E984FB01EBC5D760094CBE4 /* AccountTableViewCell.m in Sources */ = {isa = PBXBuildFile; fileRef = 3E984FAD1EBC5D760094CBE4 /* AccountTableViewCell.m */; };
		3E984FB11EBC5D760094CBE4 /* PopListTableViewController.m in Sources */ = {isa = PBXBuildFile; fileRef = 3E984FAF1EBC5D760094CBE4 /* PopListTableViewController.m */; };
		A82D0D489FBD720BD2A951EF /* libPods-YuJia.a in Frameworks */ = {isa = PBXBuildFile; fileRef = 31C7631CFB80932FA44BD479 /* libPods-YuJia.a */; };
/* End PBXBuildFile section */

/* Begin PBXContainerItemProxy section */
		3E984F001EB821EE0094CBE4 /* PBXContainerItemProxy */ = {
			isa = PBXContainerItemProxy;
			containerPortal = 3E984EDE1EB821EE0094CBE4 /* Project object */;
			proxyType = 1;
			remoteGlobalIDString = 3E984EE51EB821EE0094CBE4;
			remoteInfo = YuJia;
		};
		3E984F0B1EB821EE0094CBE4 /* PBXContainerItemProxy */ = {
			isa = PBXContainerItemProxy;
			containerPortal = 3E984EDE1EB821EE0094CBE4 /* Project object */;
			proxyType = 1;
			remoteGlobalIDString = 3E984EE51EB821EE0094CBE4;
			remoteInfo = YuJia;
		};
/* End PBXContainerItemProxy section */

/* Begin PBXFileReference section */
		1621A4321EBB2C6200BDAF10 /* YJRepairRecordTableViewCell.h */ = {isa = PBXFileReference; fileEncoding = 4; lastKnownFileType = sourcecode.c.h; path = YJRepairRecordTableViewCell.h; sourceTree = "<group>"; };
		1621A4331EBB2C6200BDAF10 /* YJRepairRecordTableViewCell.m */ = {isa = PBXFileReference; fileEncoding = 4; lastKnownFileType = sourcecode.c.objc; path = YJRepairRecordTableViewCell.m; sourceTree = "<group>"; };
		164F83F51EBAB69E002318A6 /* YJPhotoAddBtnCollectionViewCell.h */ = {isa = PBXFileReference; fileEncoding = 4; lastKnownFileType = sourcecode.c.h; path = YJPhotoAddBtnCollectionViewCell.h; sourceTree = "<group>"; };
		164F83F61EBAB69E002318A6 /* YJPhotoAddBtnCollectionViewCell.m */ = {isa = PBXFileReference; fileEncoding = 4; lastKnownFileType = sourcecode.c.objc; path = YJPhotoAddBtnCollectionViewCell.m; sourceTree = "<group>"; };
		164F83F81EBAC283002318A6 /* YJPhotoDisplayCollectionViewCell.h */ = {isa = PBXFileReference; fileEncoding = 4; lastKnownFileType = sourcecode.c.h; path = YJPhotoDisplayCollectionViewCell.h; sourceTree = "<group>"; };
		164F83F91EBAC283002318A6 /* YJPhotoDisplayCollectionViewCell.m */ = {isa = PBXFileReference; fileEncoding = 4; lastKnownFileType = sourcecode.c.objc; path = YJPhotoDisplayCollectionViewCell.m; sourceTree = "<group>"; };
		164F83FB1EBAC391002318A6 /* IWComposeImageView.h */ = {isa = PBXFileReference; fileEncoding = 4; lastKnownFileType = sourcecode.c.h; path = IWComposeImageView.h; sourceTree = "<group>"; };
		164F83FC1EBAC391002318A6 /* IWComposeImageView.m */ = {isa = PBXFileReference; fileEncoding = 4; lastKnownFileType = sourcecode.c.objc; path = IWComposeImageView.m; sourceTree = "<group>"; };
		164F83FE1EBAC3DF002318A6 /* UIView+Extension.h */ = {isa = PBXFileReference; fileEncoding = 4; lastKnownFileType = sourcecode.c.h; path = "UIView+Extension.h"; sourceTree = "<group>"; };
		164F83FF1EBAC3DF002318A6 /* UIView+Extension.m */ = {isa = PBXFileReference; fileEncoding = 4; lastKnownFileType = sourcecode.c.objc; path = "UIView+Extension.m"; sourceTree = "<group>"; };
		164F84011EBB06EA002318A6 /* YJRepairSectionTwoTableViewCell.h */ = {isa = PBXFileReference; fileEncoding = 4; lastKnownFileType = sourcecode.c.h; path = YJRepairSectionTwoTableViewCell.h; sourceTree = "<group>"; };
		164F84021EBB06EA002318A6 /* YJRepairSectionTwoTableViewCell.m */ = {isa = PBXFileReference; fileEncoding = 4; lastKnownFileType = sourcecode.c.objc; path = YJRepairSectionTwoTableViewCell.m; sourceTree = "<group>"; };
		1661FE141EB864C900583A7F /* UIColor+colorValues.h */ = {isa = PBXFileReference; fileEncoding = 4; lastKnownFileType = sourcecode.c.h; path = "UIColor+colorValues.h"; sourceTree = "<group>"; };
		1661FE151EB864C900583A7F /* UIColor+colorValues.m */ = {isa = PBXFileReference; fileEncoding = 4; lastKnownFileType = sourcecode.c.objc; path = "UIColor+colorValues.m"; sourceTree = "<group>"; };
		1661FE171EB86A1100583A7F /* YYFunctionListFlowLayout.h */ = {isa = PBXFileReference; fileEncoding = 4; lastKnownFileType = sourcecode.c.h; path = YYFunctionListFlowLayout.h; sourceTree = "<group>"; };
		1661FE181EB86A1100583A7F /* YYFunctionListFlowLayout.m */ = {isa = PBXFileReference; fileEncoding = 4; lastKnownFileType = sourcecode.c.objc; path = YYFunctionListFlowLayout.m; sourceTree = "<group>"; };
		1661FE1A1EB86D8F00583A7F /* YYFunctionCollectionViewCell.h */ = {isa = PBXFileReference; fileEncoding = 4; lastKnownFileType = sourcecode.c.h; path = YYFunctionCollectionViewCell.h; sourceTree = "<group>"; };
		1661FE1B1EB86D8F00583A7F /* YYFunctionCollectionViewCell.m */ = {isa = PBXFileReference; fileEncoding = 4; lastKnownFileType = sourcecode.c.objc; path = YYFunctionCollectionViewCell.m; sourceTree = "<group>"; };
		1661FE1D1EB8761900583A7F /* FunctionsList.plist */ = {isa = PBXFileReference; fileEncoding = 4; lastKnownFileType = text.plist.xml; path = FunctionsList.plist; sourceTree = "<group>"; };
		1661FE1F1EB8777800583A7F /* NSArray+Addition.h */ = {isa = PBXFileReference; fileEncoding = 4; lastKnownFileType = sourcecode.c.h; path = "NSArray+Addition.h"; sourceTree = "<group>"; };
		1661FE201EB8777800583A7F /* NSArray+Addition.m */ = {isa = PBXFileReference; fileEncoding = 4; lastKnownFileType = sourcecode.c.objc; path = "NSArray+Addition.m"; sourceTree = "<group>"; };
		1661FE221EB8788700583A7F /* NSObject+Addition.h */ = {isa = PBXFileReference; fileEncoding = 4; lastKnownFileType = sourcecode.c.h; path = "NSObject+Addition.h"; sourceTree = "<group>"; };
		1661FE231EB8788700583A7F /* NSObject+Addition.m */ = {isa = PBXFileReference; fileEncoding = 4; lastKnownFileType = sourcecode.c.objc; path = "NSObject+Addition.m"; sourceTree = "<group>"; };
		1661FE251EB8789100583A7F /* UILabel+Addition.h */ = {isa = PBXFileReference; fileEncoding = 4; lastKnownFileType = sourcecode.c.h; path = "UILabel+Addition.h"; sourceTree = "<group>"; };
		1661FE261EB8789100583A7F /* UILabel+Addition.m */ = {isa = PBXFileReference; fileEncoding = 4; lastKnownFileType = sourcecode.c.objc; path = "UILabel+Addition.m"; sourceTree = "<group>"; };
		1661FE281EB8792100583A7F /* YYPropertyFunctionList.h */ = {isa = PBXFileReference; fileEncoding = 4; lastKnownFileType = sourcecode.c.h; path = YYPropertyFunctionList.h; sourceTree = "<group>"; };
		1661FE291EB8792100583A7F /* YYPropertyFunctionList.m */ = {isa = PBXFileReference; fileEncoding = 4; lastKnownFileType = sourcecode.c.objc; path = YYPropertyFunctionList.m; sourceTree = "<group>"; };
		1661FE2B1EB880BF00583A7F /* YYPropertyTableViewCell.h */ = {isa = PBXFileReference; fileEncoding = 4; lastKnownFileType = sourcecode.c.h; path = YYPropertyTableViewCell.h; sourceTree = "<group>"; };
		1661FE2C1EB880BF00583A7F /* YYPropertyTableViewCell.m */ = {isa = PBXFileReference; fileEncoding = 4; lastKnownFileType = sourcecode.c.objc; path = YYPropertyTableViewCell.m; sourceTree = "<group>"; };
		1661FE2E1EB88B4800583A7F /* YYPropertyItemModel.h */ = {isa = PBXFileReference; fileEncoding = 4; lastKnownFileType = sourcecode.c.h; path = YYPropertyItemModel.h; sourceTree = "<group>"; };
		1661FE2F1EB88B4800583A7F /* YYPropertyItemModel.m */ = {isa = PBXFileReference; fileEncoding = 4; lastKnownFileType = sourcecode.c.objc; path = YYPropertyItemModel.m; sourceTree = "<group>"; };
		1661FE341EB89D4000583A7F /* YYCircleTableViewCell.h */ = {isa = PBXFileReference; fileEncoding = 4; lastKnownFileType = sourcecode.c.h; path = YYCircleTableViewCell.h; sourceTree = "<group>"; };
		1661FE351EB89D4000583A7F /* YYCircleTableViewCell.m */ = {isa = PBXFileReference; fileEncoding = 4; lastKnownFileType = sourcecode.c.objc; path = YYCircleTableViewCell.m; sourceTree = "<group>"; };
		166FF4941EBC09B300846A59 /* NSString+unicode.m */ = {isa = PBXFileReference; lastKnownFileType = sourcecode.c.objc; name = "NSString+unicode.m"; path = "YuJia/NSString+unicode.m"; sourceTree = "<group>"; };
		166FF4951EBC09CB00846A59 /* YYTabBar.m */ = {isa = PBXFileReference; lastKnownFileType = sourcecode.c.objc; name = YYTabBar.m; path = YuJia/YYTabBar.m; sourceTree = "<group>"; };
		167130251EB964BD00CC2394 /* YJReportRepairVC.h */ = {isa = PBXFileReference; fileEncoding = 4; lastKnownFileType = sourcecode.c.h; path = YJReportRepairVC.h; sourceTree = "<group>"; };
		167130261EB964BD00CC2394 /* YJReportRepairVC.m */ = {isa = PBXFileReference; fileEncoding = 4; lastKnownFileType = sourcecode.c.objc; path = YJReportRepairVC.m; sourceTree = "<group>"; };
		167130281EB9745500CC2394 /* YJHeaderTitleBtn.h */ = {isa = PBXFileReference; fileEncoding = 4; lastKnownFileType = sourcecode.c.h; path = YJHeaderTitleBtn.h; sourceTree = "<group>"; };
		167130291EB9745500CC2394 /* YJHeaderTitleBtn.m */ = {isa = PBXFileReference; fileEncoding = 4; lastKnownFileType = sourcecode.c.objc; path = YJHeaderTitleBtn.m; sourceTree = "<group>"; };
		1671302B1EB9B92700CC2394 /* YJRepairBaseInfoTableViewCell.h */ = {isa = PBXFileReference; fileEncoding = 4; lastKnownFileType = sourcecode.c.h; path = YJRepairBaseInfoTableViewCell.h; sourceTree = "<group>"; };
		1671302C1EB9B92700CC2394 /* YJRepairBaseInfoTableViewCell.m */ = {isa = PBXFileReference; fileEncoding = 4; lastKnownFileType = sourcecode.c.objc; path = YJRepairBaseInfoTableViewCell.m; sourceTree = "<group>"; };
		1671302E1EB9F07100CC2394 /* BRPlaceholderTextView.h */ = {isa = PBXFileReference; fileEncoding = 4; lastKnownFileType = sourcecode.c.h; path = BRPlaceholderTextView.h; sourceTree = "<group>"; };
		1671302F1EB9F07100CC2394 /* BRPlaceholderTextView.m */ = {isa = PBXFileReference; fileEncoding = 4; lastKnownFileType = sourcecode.c.objc; path = BRPlaceholderTextView.m; sourceTree = "<group>"; };
		167130311EB9F7DD00CC2394 /* YJPhotoFlowLayout.h */ = {isa = PBXFileReference; fileEncoding = 4; lastKnownFileType = sourcecode.c.h; path = YJPhotoFlowLayout.h; sourceTree = "<group>"; };
		167130321EB9F7DD00CC2394 /* YJPhotoFlowLayout.m */ = {isa = PBXFileReference; fileEncoding = 4; lastKnownFileType = sourcecode.c.objc; path = YJPhotoFlowLayout.m; sourceTree = "<group>"; };
		168466A41EBB423000A98295 /* YJRepairRecordFlowLayout.h */ = {isa = PBXFileReference; fileEncoding = 4; lastKnownFileType = sourcecode.c.h; path = YJRepairRecordFlowLayout.h; sourceTree = "<group>"; };
		168466A51EBB423000A98295 /* YJRepairRecordFlowLayout.m */ = {isa = PBXFileReference; fileEncoding = 4; lastKnownFileType = sourcecode.c.objc; path = YJRepairRecordFlowLayout.m; sourceTree = "<group>"; };
		168466A71EBB495E00A98295 /* YJImageDisplayCollectionViewCell.h */ = {isa = PBXFileReference; fileEncoding = 4; lastKnownFileType = sourcecode.c.h; path = YJImageDisplayCollectionViewCell.h; sourceTree = "<group>"; };
		168466A81EBB495E00A98295 /* YJImageDisplayCollectionViewCell.m */ = {isa = PBXFileReference; fileEncoding = 4; lastKnownFileType = sourcecode.c.objc; path = YJImageDisplayCollectionViewCell.m; sourceTree = "<group>"; };
		31C7631CFB80932FA44BD479 /* libPods-YuJia.a */ = {isa = PBXFileReference; explicitFileType = archive.ar; includeInIndex = 0; path = "libPods-YuJia.a"; sourceTree = BUILT_PRODUCTS_DIR; };
		3E984EE61EB821EE0094CBE4 /* YuJia.app */ = {isa = PBXFileReference; explicitFileType = wrapper.application; includeInIndex = 0; path = YuJia.app; sourceTree = BUILT_PRODUCTS_DIR; };
		3E984EEA1EB821EE0094CBE4 /* main.m */ = {isa = PBXFileReference; lastKnownFileType = sourcecode.c.objc; path = main.m; sourceTree = "<group>"; };
		3E984EEC1EB821EE0094CBE4 /* AppDelegate.h */ = {isa = PBXFileReference; lastKnownFileType = sourcecode.c.h; path = AppDelegate.h; sourceTree = "<group>"; };
		3E984EED1EB821EE0094CBE4 /* AppDelegate.m */ = {isa = PBXFileReference; lastKnownFileType = sourcecode.c.objc; path = AppDelegate.m; sourceTree = "<group>"; };
		3E984EF31EB821EE0094CBE4 /* Base */ = {isa = PBXFileReference; lastKnownFileType = file.storyboard; name = Base; path = Base.lproj/Main.storyboard; sourceTree = "<group>"; };
		3E984EF51EB821EE0094CBE4 /* Assets.xcassets */ = {isa = PBXFileReference; lastKnownFileType = folder.assetcatalog; path = Assets.xcassets; sourceTree = "<group>"; };
		3E984EF81EB821EE0094CBE4 /* Base */ = {isa = PBXFileReference; lastKnownFileType = file.storyboard; name = Base; path = Base.lproj/LaunchScreen.storyboard; sourceTree = "<group>"; };
		3E984EFA1EB821EE0094CBE4 /* Info.plist */ = {isa = PBXFileReference; lastKnownFileType = text.plist.xml; path = Info.plist; sourceTree = "<group>"; };
		3E984EFF1EB821EE0094CBE4 /* YuJiaTests.xctest */ = {isa = PBXFileReference; explicitFileType = wrapper.cfbundle; includeInIndex = 0; path = YuJiaTests.xctest; sourceTree = BUILT_PRODUCTS_DIR; };
		3E984F031EB821EE0094CBE4 /* YuJiaTests.m */ = {isa = PBXFileReference; lastKnownFileType = sourcecode.c.objc; path = YuJiaTests.m; sourceTree = "<group>"; };
		3E984F051EB821EE0094CBE4 /* Info.plist */ = {isa = PBXFileReference; lastKnownFileType = text.plist.xml; path = Info.plist; sourceTree = "<group>"; };
		3E984F0A1EB821EE0094CBE4 /* YuJiaUITests.xctest */ = {isa = PBXFileReference; explicitFileType = wrapper.cfbundle; includeInIndex = 0; path = YuJiaUITests.xctest; sourceTree = BUILT_PRODUCTS_DIR; };
		3E984F0E1EB821EE0094CBE4 /* YuJiaUITests.m */ = {isa = PBXFileReference; lastKnownFileType = sourcecode.c.objc; path = YuJiaUITests.m; sourceTree = "<group>"; };
		3E984F101EB821EE0094CBE4 /* Info.plist */ = {isa = PBXFileReference; lastKnownFileType = text.plist.xml; path = Info.plist; sourceTree = "<group>"; };
		3E984F251EB82AC50094CBE4 /* YYNavigationController.h */ = {isa = PBXFileReference; fileEncoding = 4; lastKnownFileType = sourcecode.c.h; path = YYNavigationController.h; sourceTree = "<group>"; };
		3E984F261EB82AC50094CBE4 /* YYNavigationController.m */ = {isa = PBXFileReference; fileEncoding = 4; lastKnownFileType = sourcecode.c.objc; path = YYNavigationController.m; sourceTree = "<group>"; };
		3E984F271EB82AC50094CBE4 /* YYTabBarController.h */ = {isa = PBXFileReference; fileEncoding = 4; lastKnownFileType = sourcecode.c.h; path = YYTabBarController.h; sourceTree = "<group>"; };
		3E984F281EB82AC50094CBE4 /* YYTabBarController.m */ = {isa = PBXFileReference; fileEncoding = 4; lastKnownFileType = sourcecode.c.objc; path = YYTabBarController.m; sourceTree = "<group>"; };
		3E984F291EB82AC50094CBE4 /* YYTabBar.h */ = {isa = PBXFileReference; fileEncoding = 4; lastKnownFileType = sourcecode.c.h; path = YYTabBar.h; sourceTree = "<group>"; };
		3E984F2A1EB82AC50094CBE4 /* YYTabBar.m */ = {isa = PBXFileReference; fileEncoding = 4; lastKnownFileType = sourcecode.c.objc; path = YYTabBar.m; sourceTree = "<group>"; };
		3E984F2B1EB82AC50094CBE4 /* YYTabBarItem.h */ = {isa = PBXFileReference; fileEncoding = 4; lastKnownFileType = sourcecode.c.h; path = YYTabBarItem.h; sourceTree = "<group>"; };
		3E984F2C1EB82AC50094CBE4 /* YYTabBarItem.m */ = {isa = PBXFileReference; fileEncoding = 4; lastKnownFileType = sourcecode.c.objc; path = YYTabBarItem.m; sourceTree = "<group>"; };
		3E984F461EB82B550094CBE4 /* HomePageViewController.h */ = {isa = PBXFileReference; fileEncoding = 4; lastKnownFileType = sourcecode.c.h; path = HomePageViewController.h; sourceTree = "<group>"; };
		3E984F471EB82B550094CBE4 /* HomePageViewController.m */ = {isa = PBXFileReference; fileEncoding = 4; lastKnownFileType = sourcecode.c.objc; path = HomePageViewController.m; sourceTree = "<group>"; };
		3E984F491EB82B6B0094CBE4 /* PropertyViewController.h */ = {isa = PBXFileReference; fileEncoding = 4; lastKnownFileType = sourcecode.c.h; path = PropertyViewController.h; sourceTree = "<group>"; };
		3E984F4A1EB82B6B0094CBE4 /* PropertyViewController.m */ = {isa = PBXFileReference; fileEncoding = 4; lastKnownFileType = sourcecode.c.objc; path = PropertyViewController.m; sourceTree = "<group>"; };
		3E984F4C1EB82B7E0094CBE4 /* CircleGroupViewController.h */ = {isa = PBXFileReference; fileEncoding = 4; lastKnownFileType = sourcecode.c.h; path = CircleGroupViewController.h; sourceTree = "<group>"; };
		3E984F4D1EB82B7E0094CBE4 /* CircleGroupViewController.m */ = {isa = PBXFileReference; fileEncoding = 4; lastKnownFileType = sourcecode.c.objc; path = CircleGroupViewController.m; sourceTree = "<group>"; };
		3E984F501EB82BA20094CBE4 /* PersonalViewController.h */ = {isa = PBXFileReference; fileEncoding = 4; lastKnownFileType = sourcecode.c.h; path = PersonalViewController.h; sourceTree = "<group>"; };
		3E984F511EB82BA20094CBE4 /* PersonalViewController.m */ = {isa = PBXFileReference; fileEncoding = 4; lastKnownFileType = sourcecode.c.objc; path = PersonalViewController.m; sourceTree = "<group>"; };
		3E984F531EB82E5D0094CBE4 /* YYDefine.pch */ = {isa = PBXFileReference; lastKnownFileType = sourcecode.c.h; path = YYDefine.pch; sourceTree = "<group>"; };
		3E984F541EB831170094CBE4 /* HttpClient.h */ = {isa = PBXFileReference; fileEncoding = 4; lastKnownFileType = sourcecode.c.h; path = HttpClient.h; sourceTree = "<group>"; };
		3E984F551EB831170094CBE4 /* HttpClient.m */ = {isa = PBXFileReference; fileEncoding = 4; lastKnownFileType = sourcecode.c.objc; path = HttpClient.m; sourceTree = "<group>"; };
		3E984F561EB831170094CBE4 /* NSArray+Log.h */ = {isa = PBXFileReference; fileEncoding = 4; lastKnownFileType = sourcecode.c.h; path = "NSArray+Log.h"; sourceTree = "<group>"; };
		3E984F571EB831170094CBE4 /* NSArray+Log.m */ = {isa = PBXFileReference; fileEncoding = 4; lastKnownFileType = sourcecode.c.objc; path = "NSArray+Log.m"; sourceTree = "<group>"; };
		3E984F581EB831170094CBE4 /* NSDictionary+Log.h */ = {isa = PBXFileReference; fileEncoding = 4; lastKnownFileType = sourcecode.c.h; path = "NSDictionary+Log.h"; sourceTree = "<group>"; };
		3E984F591EB831170094CBE4 /* NSDictionary+Log.m */ = {isa = PBXFileReference; fileEncoding = 4; lastKnownFileType = sourcecode.c.objc; path = "NSDictionary+Log.m"; sourceTree = "<group>"; };
		3E984F5A1EB831170094CBE4 /* NSString+unicode.h */ = {isa = PBXFileReference; fileEncoding = 4; lastKnownFileType = sourcecode.c.h; path = "NSString+unicode.h"; sourceTree = "<group>"; };
		3E984F5B1EB831170094CBE4 /* NSString+unicode.m */ = {isa = PBXFileReference; fileEncoding = 4; lastKnownFileType = sourcecode.c.objc; path = "NSString+unicode.m"; sourceTree = "<group>"; };
		3E984F5C1EB831170094CBE4 /* UIBarButtonItem+Helper.h */ = {isa = PBXFileReference; fileEncoding = 4; lastKnownFileType = sourcecode.c.h; path = "UIBarButtonItem+Helper.h"; sourceTree = "<group>"; };
		3E984F5D1EB831170094CBE4 /* UIBarButtonItem+Helper.m */ = {isa = PBXFileReference; fileEncoding = 4; lastKnownFileType = sourcecode.c.objc; path = "UIBarButtonItem+Helper.m"; sourceTree = "<group>"; };
		3E984F5E1EB831170094CBE4 /* UIColor+Extension.h */ = {isa = PBXFileReference; fileEncoding = 4; lastKnownFileType = sourcecode.c.h; path = "UIColor+Extension.h"; sourceTree = "<group>"; };
		3E984F5F1EB831170094CBE4 /* UIColor+Extension.m */ = {isa = PBXFileReference; fileEncoding = 4; lastKnownFileType = sourcecode.c.objc; path = "UIColor+Extension.m"; sourceTree = "<group>"; };
		3E984F601EB831170094CBE4 /* ZYAlertSView.h */ = {isa = PBXFileReference; fileEncoding = 4; lastKnownFileType = sourcecode.c.h; path = ZYAlertSView.h; sourceTree = "<group>"; };
		3E984F611EB831170094CBE4 /* ZYAlertSView.m */ = {isa = PBXFileReference; fileEncoding = 4; lastKnownFileType = sourcecode.c.objc; path = ZYAlertSView.m; sourceTree = "<group>"; };
		3E984F711EB87F300094CBE4 /* JXPageView.h */ = {isa = PBXFileReference; fileEncoding = 4; lastKnownFileType = sourcecode.c.h; path = JXPageView.h; sourceTree = "<group>"; };
		3E984F721EB87F300094CBE4 /* JXPageView.m */ = {isa = PBXFileReference; fileEncoding = 4; lastKnownFileType = sourcecode.c.objc; path = JXPageView.m; sourceTree = "<group>"; };
		3E984F731EB87F300094CBE4 /* JXSegment.h */ = {isa = PBXFileReference; fileEncoding = 4; lastKnownFileType = sourcecode.c.h; path = JXSegment.h; sourceTree = "<group>"; };
		3E984F741EB87F300094CBE4 /* JXSegment.m */ = {isa = PBXFileReference; fileEncoding = 4; lastKnownFileType = sourcecode.c.objc; path = JXSegment.m; sourceTree = "<group>"; };
		3E984F771EB897C20094CBE4 /* JXPageView.m */ = {isa = PBXFileReference; lastKnownFileType = sourcecode.c.objc; path = JXPageView.m; sourceTree = "<group>"; };
		3E984F791EB897CD0094CBE4 /* JXSegment.m */ = {isa = PBXFileReference; lastKnownFileType = sourcecode.c.objc; path = JXSegment.m; sourceTree = "<group>"; };
		3E984F7B1EB89E210094CBE4 /* YYPersonalTableViewCell.h */ = {isa = PBXFileReference; fileEncoding = 4; lastKnownFileType = sourcecode.c.h; path = YYPersonalTableViewCell.h; sourceTree = "<group>"; };
		3E984F7C1EB89E210094CBE4 /* YYPersonalTableViewCell.m */ = {isa = PBXFileReference; fileEncoding = 4; lastKnownFileType = sourcecode.c.objc; path = YYPersonalTableViewCell.m; sourceTree = "<group>"; };
		3E984F7E1EB9AD110094CBE4 /* avatar.jpg */ = {isa = PBXFileReference; lastKnownFileType = image.jpeg; path = avatar.jpg; sourceTree = "<group>"; };
		3E984F801EB9BD7F0094CBE4 /* MyBtnView.h */ = {isa = PBXFileReference; fileEncoding = 4; lastKnownFileType = sourcecode.c.h; path = MyBtnView.h; sourceTree = "<group>"; };
		3E984F811EB9BD7F0094CBE4 /* MyBtnView.m */ = {isa = PBXFileReference; fileEncoding = 4; lastKnownFileType = sourcecode.c.objc; path = MyBtnView.m; sourceTree = "<group>"; };
		3E984F861EB9BF640094CBE4 /* MMButton.h */ = {isa = PBXFileReference; fileEncoding = 4; lastKnownFileType = sourcecode.c.h; path = MMButton.h; sourceTree = "<group>"; };
		3E984F871EB9BF640094CBE4 /* MMButton.m */ = {isa = PBXFileReference; fileEncoding = 4; lastKnownFileType = sourcecode.c.objc; path = MMButton.m; sourceTree = "<group>"; };
		3E984F891EB9C6CC0094CBE4 /* EquipmentTableViewCell.h */ = {isa = PBXFileReference; fileEncoding = 4; lastKnownFileType = sourcecode.c.h; path = EquipmentTableViewCell.h; sourceTree = "<group>"; };
		3E984F8A1EB9C6CC0094CBE4 /* EquipmentTableViewCell.m */ = {isa = PBXFileReference; fileEncoding = 4; lastKnownFileType = sourcecode.c.objc; path = EquipmentTableViewCell.m; sourceTree = "<group>"; };
		3E984F8C1EB9DB140094CBE4 /* SightSettingViewController.h */ = {isa = PBXFileReference; fileEncoding = 4; lastKnownFileType = sourcecode.c.h; path = SightSettingViewController.h; sourceTree = "<group>"; };
		3E984F8D1EB9DB140094CBE4 /* SightSettingViewController.m */ = {isa = PBXFileReference; fileEncoding = 4; lastKnownFileType = sourcecode.c.objc; path = SightSettingViewController.m; sourceTree = "<group>"; };
		3E984F901EBB08980094CBE4 /* AddEquipmentViewController.h */ = {isa = PBXFileReference; fileEncoding = 4; lastKnownFileType = sourcecode.c.h; path = AddEquipmentViewController.h; sourceTree = "<group>"; };
		3E984F911EBB08980094CBE4 /* AddEquipmentViewController.m */ = {isa = PBXFileReference; fileEncoding = 4; lastKnownFileType = sourcecode.c.objc; path = AddEquipmentViewController.m; sourceTree = "<group>"; };
		3E984F931EBB110F0094CBE4 /* ConnectWifiViewController.h */ = {isa = PBXFileReference; fileEncoding = 4; lastKnownFileType = sourcecode.c.h; path = ConnectWifiViewController.h; sourceTree = "<group>"; };
		3E984F941EBB110F0094CBE4 /* ConnectWifiViewController.m */ = {isa = PBXFileReference; fileEncoding = 4; lastKnownFileType = sourcecode.c.objc; path = ConnectWifiViewController.m; sourceTree = "<group>"; };
		3E984F961EBB1C1B0094CBE4 /* SuccessConnectViewController.h */ = {isa = PBXFileReference; fileEncoding = 4; lastKnownFileType = sourcecode.c.h; path = SuccessConnectViewController.h; sourceTree = "<group>"; };
		3E984F971EBB1C1B0094CBE4 /* SuccessConnectViewController.m */ = {isa = PBXFileReference; fileEncoding = 4; lastKnownFileType = sourcecode.c.objc; path = SuccessConnectViewController.m; sourceTree = "<group>"; };
		3E984F991EBB1C280094CBE4 /* FailConnectViewController.h */ = {isa = PBXFileReference; fileEncoding = 4; lastKnownFileType = sourcecode.c.h; path = FailConnectViewController.h; sourceTree = "<group>"; };
		3E984F9A1EBB1C280094CBE4 /* FailConnectViewController.m */ = {isa = PBXFileReference; fileEncoding = 4; lastKnownFileType = sourcecode.c.objc; path = FailConnectViewController.m; sourceTree = "<group>"; };
		3E984F9C1EBB2B3D0094CBE4 /* SightViewController.h */ = {isa = PBXFileReference; fileEncoding = 4; lastKnownFileType = sourcecode.c.h; path = SightViewController.h; sourceTree = "<group>"; };
		3E984F9D1EBB2B3D0094CBE4 /* SightViewController.m */ = {isa = PBXFileReference; fileEncoding = 4; lastKnownFileType = sourcecode.c.objc; path = SightViewController.m; sourceTree = "<group>"; };
		3E984F9F1EBB2B560094CBE4 /* EquipmentViewController.h */ = {isa = PBXFileReference; fileEncoding = 4; lastKnownFileType = sourcecode.c.h; path = EquipmentViewController.h; sourceTree = "<group>"; };
		3E984FA01EBB2B560094CBE4 /* EquipmentViewController.m */ = {isa = PBXFileReference; fileEncoding = 4; lastKnownFileType = sourcecode.c.objc; path = EquipmentViewController.m; sourceTree = "<group>"; };
		3E984FA21EBB383C0094CBE4 /* EquipmentSettingViewController.h */ = {isa = PBXFileReference; fileEncoding = 4; lastKnownFileType = sourcecode.c.h; path = EquipmentSettingViewController.h; sourceTree = "<group>"; };
		3E984FA31EBB383C0094CBE4 /* EquipmentSettingViewController.m */ = {isa = PBXFileReference; fileEncoding = 4; lastKnownFileType = sourcecode.c.objc; path = EquipmentSettingViewController.m; sourceTree = "<group>"; };
		3E984FA51EBB3D3A0094CBE4 /* RoomSettingViewController.h */ = {isa = PBXFileReference; fileEncoding = 4; lastKnownFileType = sourcecode.c.h; path = RoomSettingViewController.h; sourceTree = "<group>"; };
		3E984FA61EBB3D3A0094CBE4 /* RoomSettingViewController.m */ = {isa = PBXFileReference; fileEncoding = 4; lastKnownFileType = sourcecode.c.objc; path = RoomSettingViewController.m; sourceTree = "<group>"; };
		3E984FA81EBC17450094CBE4 /* AddSightViewController.h */ = {isa = PBXFileReference; fileEncoding = 4; lastKnownFileType = sourcecode.c.h; path = AddSightViewController.h; sourceTree = "<group>"; };
		3E984FA91EBC17450094CBE4 /* AddSightViewController.m */ = {isa = PBXFileReference; fileEncoding = 4; lastKnownFileType = sourcecode.c.objc; path = AddSightViewController.m; sourceTree = "<group>"; };
		3E984FAC1EBC5D760094CBE4 /* AccountTableViewCell.h */ = {isa = PBXFileReference; fileEncoding = 4; lastKnownFileType = sourcecode.c.h; path = AccountTableViewCell.h; sourceTree = "<group>"; };
		3E984FAD1EBC5D760094CBE4 /* AccountTableViewCell.m */ = {isa = PBXFileReference; fileEncoding = 4; lastKnownFileType = sourcecode.c.objc; path = AccountTableViewCell.m; sourceTree = "<group>"; };
		3E984FAE1EBC5D760094CBE4 /* PopListTableViewController.h */ = {isa = PBXFileReference; fileEncoding = 4; lastKnownFileType = sourcecode.c.h; path = PopListTableViewController.h; sourceTree = "<group>"; };
		3E984FAF1EBC5D760094CBE4 /* PopListTableViewController.m */ = {isa = PBXFileReference; fileEncoding = 4; lastKnownFileType = sourcecode.c.objc; path = PopListTableViewController.m; sourceTree = "<group>"; };
		E59A863B85B3DB5E62ED328E /* Pods-YuJia.release.xcconfig */ = {isa = PBXFileReference; includeInIndex = 1; lastKnownFileType = text.xcconfig; name = "Pods-YuJia.release.xcconfig"; path = "Pods/Target Support Files/Pods-YuJia/Pods-YuJia.release.xcconfig"; sourceTree = "<group>"; };
		FCEB0B1798004515169B3904 /* Pods-YuJia.debug.xcconfig */ = {isa = PBXFileReference; includeInIndex = 1; lastKnownFileType = text.xcconfig; name = "Pods-YuJia.debug.xcconfig"; path = "Pods/Target Support Files/Pods-YuJia/Pods-YuJia.debug.xcconfig"; sourceTree = "<group>"; };
/* End PBXFileReference section */

/* Begin PBXFrameworksBuildPhase section */
		3E984EE31EB821EE0094CBE4 /* Frameworks */ = {
			isa = PBXFrameworksBuildPhase;
			buildActionMask = 2147483647;
			files = (
				A82D0D489FBD720BD2A951EF /* libPods-YuJia.a in Frameworks */,
			);
			runOnlyForDeploymentPostprocessing = 0;
		};
		3E984EFC1EB821EE0094CBE4 /* Frameworks */ = {
			isa = PBXFrameworksBuildPhase;
			buildActionMask = 2147483647;
			files = (
			);
			runOnlyForDeploymentPostprocessing = 0;
		};
		3E984F071EB821EE0094CBE4 /* Frameworks */ = {
			isa = PBXFrameworksBuildPhase;
			buildActionMask = 2147483647;
			files = (
			);
			runOnlyForDeploymentPostprocessing = 0;
		};
/* End PBXFrameworksBuildPhase section */

/* Begin PBXGroup section */
		1621A4311EBB213900BDAF10 /* repairRecord */ = {
			isa = PBXGroup;
			children = (
				1621A4321EBB2C6200BDAF10 /* YJRepairRecordTableViewCell.h */,
				1621A4331EBB2C6200BDAF10 /* YJRepairRecordTableViewCell.m */,
				168466A41EBB423000A98295 /* YJRepairRecordFlowLayout.h */,
				168466A51EBB423000A98295 /* YJRepairRecordFlowLayout.m */,
				168466A71EBB495E00A98295 /* YJImageDisplayCollectionViewCell.h */,
				168466A81EBB495E00A98295 /* YJImageDisplayCollectionViewCell.m */,
			);
			name = repairRecord;
			sourceTree = "<group>";
		};
		1661FE101EB8646B00583A7F /* tools */ = {
			isa = PBXGroup;
			children = (
				164F83FE1EBAC3DF002318A6 /* UIView+Extension.h */,
				164F83FF1EBAC3DF002318A6 /* UIView+Extension.m */,
				1671302E1EB9F07100CC2394 /* BRPlaceholderTextView.h */,
				1671302F1EB9F07100CC2394 /* BRPlaceholderTextView.m */,
				1661FE141EB864C900583A7F /* UIColor+colorValues.h */,
				1661FE151EB864C900583A7F /* UIColor+colorValues.m */,
				1661FE1F1EB8777800583A7F /* NSArray+Addition.h */,
				1661FE201EB8777800583A7F /* NSArray+Addition.m */,
				1661FE221EB8788700583A7F /* NSObject+Addition.h */,
				1661FE231EB8788700583A7F /* NSObject+Addition.m */,
				1661FE251EB8789100583A7F /* UILabel+Addition.h */,
				1661FE261EB8789100583A7F /* UILabel+Addition.m */,
			);
			name = tools;
			sourceTree = "<group>";
		};
		1661FE111EB8647D00583A7F /* M */ = {
			isa = PBXGroup;
			children = (
				1661FE1D1EB8761900583A7F /* FunctionsList.plist */,
				1661FE281EB8792100583A7F /* YYPropertyFunctionList.h */,
				1661FE291EB8792100583A7F /* YYPropertyFunctionList.m */,
				1661FE2E1EB88B4800583A7F /* YYPropertyItemModel.h */,
				1661FE2F1EB88B4800583A7F /* YYPropertyItemModel.m */,
			);
			name = M;
			sourceTree = "<group>";
		};
		1661FE121EB8648500583A7F /* V */ = {
			isa = PBXGroup;
			children = (
				1661FE171EB86A1100583A7F /* YYFunctionListFlowLayout.h */,
				1661FE181EB86A1100583A7F /* YYFunctionListFlowLayout.m */,
				1661FE1A1EB86D8F00583A7F /* YYFunctionCollectionViewCell.h */,
				1661FE1B1EB86D8F00583A7F /* YYFunctionCollectionViewCell.m */,
				1661FE2B1EB880BF00583A7F /* YYPropertyTableViewCell.h */,
				1661FE2C1EB880BF00583A7F /* YYPropertyTableViewCell.m */,
				167130281EB9745500CC2394 /* YJHeaderTitleBtn.h */,
				167130291EB9745500CC2394 /* YJHeaderTitleBtn.m */,
				1671302B1EB9B92700CC2394 /* YJRepairBaseInfoTableViewCell.h */,
				1671302C1EB9B92700CC2394 /* YJRepairBaseInfoTableViewCell.m */,
				167130311EB9F7DD00CC2394 /* YJPhotoFlowLayout.h */,
				167130321EB9F7DD00CC2394 /* YJPhotoFlowLayout.m */,
				164F83F51EBAB69E002318A6 /* YJPhotoAddBtnCollectionViewCell.h */,
				164F83F61EBAB69E002318A6 /* YJPhotoAddBtnCollectionViewCell.m */,
				164F83F81EBAC283002318A6 /* YJPhotoDisplayCollectionViewCell.h */,
				164F83F91EBAC283002318A6 /* YJPhotoDisplayCollectionViewCell.m */,
				164F83FB1EBAC391002318A6 /* IWComposeImageView.h */,
				164F83FC1EBAC391002318A6 /* IWComposeImageView.m */,
				164F84011EBB06EA002318A6 /* YJRepairSectionTwoTableViewCell.h */,
				164F84021EBB06EA002318A6 /* YJRepairSectionTwoTableViewCell.m */,
				1621A4311EBB213900BDAF10 /* repairRecord */,
			);
			name = V;
			sourceTree = "<group>";
		};
		1661FE131EB8649100583A7F /* C */ = {
			isa = PBXGroup;
			children = (
				3E984F491EB82B6B0094CBE4 /* PropertyViewController.h */,
				3E984F4A1EB82B6B0094CBE4 /* PropertyViewController.m */,
				167130251EB964BD00CC2394 /* YJReportRepairVC.h */,
				167130261EB964BD00CC2394 /* YJReportRepairVC.m */,
			);
			name = C;
			sourceTree = "<group>";
		};
		1661FE311EB89D0D00583A7F /* M */ = {
			isa = PBXGroup;
			children = (
			);
			name = M;
			sourceTree = "<group>";
		};
		1661FE321EB89D1800583A7F /* V */ = {
			isa = PBXGroup;
			children = (
			);
			name = V;
			sourceTree = "<group>";
		};
		1661FE331EB89D1E00583A7F /* C */ = {
			isa = PBXGroup;
			children = (
				1661FE341EB89D4000583A7F /* YYCircleTableViewCell.h */,
				1661FE351EB89D4000583A7F /* YYCircleTableViewCell.m */,
			);
			name = C;
			sourceTree = "<group>";
		};
		3E984EDD1EB821EE0094CBE4 = {
			isa = PBXGroup;
			children = (
				166FF4951EBC09CB00846A59 /* YYTabBar.m */,
				166FF4941EBC09B300846A59 /* NSString+unicode.m */,
				3E984EE81EB821EE0094CBE4 /* YuJia */,
				3E984F021EB821EE0094CBE4 /* YuJiaTests */,
				3E984F0D1EB821EE0094CBE4 /* YuJiaUITests */,
				3E984EE71EB821EE0094CBE4 /* Products */,
				9A0057F069AF3E6774E301F8 /* Pods */,
				FA9530CEF4F09046F856354B /* Frameworks */,
			);
			sourceTree = "<group>";
		};
		3E984EE71EB821EE0094CBE4 /* Products */ = {
			isa = PBXGroup;
			children = (
				3E984EE61EB821EE0094CBE4 /* YuJia.app */,
				3E984EFF1EB821EE0094CBE4 /* YuJiaTests.xctest */,
				3E984F0A1EB821EE0094CBE4 /* YuJiaUITests.xctest */,
			);
			name = Products;
			sourceTree = "<group>";
		};
		3E984EE81EB821EE0094CBE4 /* YuJia */ = {
			isa = PBXGroup;
			children = (
				3E984F1C1EB829410094CBE4 /* Root_Tools */,
				3E984F1D1EB8294A0094CBE4 /* Classes */,
				3E984EE91EB821EE0094CBE4 /* Supporting Files */,
			);
			path = YuJia;
			sourceTree = "<group>";
		};
		3E984EE91EB821EE0094CBE4 /* Supporting Files */ = {
			isa = PBXGroup;
			children = (
				3E984EEA1EB821EE0094CBE4 /* main.m */,
			);
			name = "Supporting Files";
			sourceTree = "<group>";
		};
		3E984F021EB821EE0094CBE4 /* YuJiaTests */ = {
			isa = PBXGroup;
			children = (
				3E984F031EB821EE0094CBE4 /* YuJiaTests.m */,
				3E984F051EB821EE0094CBE4 /* Info.plist */,
			);
			path = YuJiaTests;
			sourceTree = "<group>";
		};
		3E984F0D1EB821EE0094CBE4 /* YuJiaUITests */ = {
			isa = PBXGroup;
			children = (
				3E984F0E1EB821EE0094CBE4 /* YuJiaUITests.m */,
				3E984F101EB821EE0094CBE4 /* Info.plist */,
			);
			path = YuJiaUITests;
			sourceTree = "<group>";
		};
		3E984F1C1EB829410094CBE4 /* Root_Tools */ = {
			isa = PBXGroup;
			children = (
				3E984F541EB831170094CBE4 /* HttpClient.h */,
				3E984F551EB831170094CBE4 /* HttpClient.m */,
				3E984F561EB831170094CBE4 /* NSArray+Log.h */,
				3E984F571EB831170094CBE4 /* NSArray+Log.m */,
				3E984F581EB831170094CBE4 /* NSDictionary+Log.h */,
				3E984F591EB831170094CBE4 /* NSDictionary+Log.m */,
				3E984F5A1EB831170094CBE4 /* NSString+unicode.h */,
				3E984F5B1EB831170094CBE4 /* NSString+unicode.m */,
				3E984F5C1EB831170094CBE4 /* UIBarButtonItem+Helper.h */,
				3E984F5D1EB831170094CBE4 /* UIBarButtonItem+Helper.m */,
				3E984F5E1EB831170094CBE4 /* UIColor+Extension.h */,
				3E984F5F1EB831170094CBE4 /* UIColor+Extension.m */,
				3E984F601EB831170094CBE4 /* ZYAlertSView.h */,
				3E984F611EB831170094CBE4 /* ZYAlertSView.m */,
			);
			name = Root_Tools;
			sourceTree = "<group>";
		};
		3E984F1D1EB8294A0094CBE4 /* Classes */ = {
			isa = PBXGroup;
			children = (
				3E984F1E1EB829710094CBE4 /* AppDelegate */,
				3E984F1F1EB829830094CBE4 /* Tab+Nav */,
				3E984F201EB829960094CBE4 /* HomePage */,
				3E984F211EB829B80094CBE4 /* PropertyPage */,
				3E984F221EB829D20094CBE4 /* CircleGroupPage */,
				3E984F231EB829FA0094CBE4 /* PersonalPage */,
				3E984F241EB82A060094CBE4 /* Other */,
			);
			name = Classes;
			sourceTree = "<group>";
		};
		3E984F1E1EB829710094CBE4 /* AppDelegate */ = {
			isa = PBXGroup;
			children = (
				3E984EEC1EB821EE0094CBE4 /* AppDelegate.h */,
				3E984EED1EB821EE0094CBE4 /* AppDelegate.m */,
			);
			name = AppDelegate;
			sourceTree = "<group>";
		};
		3E984F1F1EB829830094CBE4 /* Tab+Nav */ = {
			isa = PBXGroup;
			children = (
				3E984F251EB82AC50094CBE4 /* YYNavigationController.h */,
				3E984F261EB82AC50094CBE4 /* YYNavigationController.m */,
				3E984F271EB82AC50094CBE4 /* YYTabBarController.h */,
				3E984F281EB82AC50094CBE4 /* YYTabBarController.m */,
				3E984F291EB82AC50094CBE4 /* YYTabBar.h */,
				3E984F2A1EB82AC50094CBE4 /* YYTabBar.m */,
				3E984F2B1EB82AC50094CBE4 /* YYTabBarItem.h */,
				3E984F2C1EB82AC50094CBE4 /* YYTabBarItem.m */,
			);
			name = "Tab+Nav";
			sourceTree = "<group>";
		};
		3E984F201EB829960094CBE4 /* HomePage */ = {
			isa = PBXGroup;
			children = (
				3E984FAB1EBC5D5D0094CBE4 /* New Group */,
				3E984F461EB82B550094CBE4 /* HomePageViewController.h */,
				3E984F471EB82B550094CBE4 /* HomePageViewController.m */,
				3E984F9C1EBB2B3D0094CBE4 /* SightViewController.h */,
				3E984F9D1EBB2B3D0094CBE4 /* SightViewController.m */,
				3E984F9F1EBB2B560094CBE4 /* EquipmentViewController.h */,
				3E984FA01EBB2B560094CBE4 /* EquipmentViewController.m */,
				3E984F8C1EB9DB140094CBE4 /* SightSettingViewController.h */,
				3E984F8D1EB9DB140094CBE4 /* SightSettingViewController.m */,
				3E984F901EBB08980094CBE4 /* AddEquipmentViewController.h */,
				3E984F911EBB08980094CBE4 /* AddEquipmentViewController.m */,
				3E984FA81EBC17450094CBE4 /* AddSightViewController.h */,
				3E984FA91EBC17450094CBE4 /* AddSightViewController.m */,
				3E984F931EBB110F0094CBE4 /* ConnectWifiViewController.h */,
				3E984F941EBB110F0094CBE4 /* ConnectWifiViewController.m */,
				3E984F961EBB1C1B0094CBE4 /* SuccessConnectViewController.h */,
				3E984F971EBB1C1B0094CBE4 /* SuccessConnectViewController.m */,
				3E984F991EBB1C280094CBE4 /* FailConnectViewController.h */,
				3E984F9A1EBB1C280094CBE4 /* FailConnectViewController.m */,
				3E984FA21EBB383C0094CBE4 /* EquipmentSettingViewController.h */,
				3E984FA31EBB383C0094CBE4 /* EquipmentSettingViewController.m */,
				3E984FA51EBB3D3A0094CBE4 /* RoomSettingViewController.h */,
				3E984FA61EBB3D3A0094CBE4 /* RoomSettingViewController.m */,
				3E984F6A1EB87BA90094CBE4 /* View */,
			);
			name = HomePage;
			sourceTree = "<group>";
		};
		3E984F211EB829B80094CBE4 /* PropertyPage */ = {
			isa = PBXGroup;
			children = (
				1661FE101EB8646B00583A7F /* tools */,
				1661FE131EB8649100583A7F /* C */,
				1661FE121EB8648500583A7F /* V */,
				1661FE111EB8647D00583A7F /* M */,
			);
			name = PropertyPage;
			sourceTree = "<group>";
		};
		3E984F221EB829D20094CBE4 /* CircleGroupPage */ = {
			isa = PBXGroup;
			children = (
				3E984F4C1EB82B7E0094CBE4 /* CircleGroupViewController.h */,
				3E984F4D1EB82B7E0094CBE4 /* CircleGroupViewController.m */,
				1661FE331EB89D1E00583A7F /* C */,
				1661FE321EB89D1800583A7F /* V */,
				1661FE311EB89D0D00583A7F /* M */,
			);
			name = CircleGroupPage;
			sourceTree = "<group>";
		};
		3E984F231EB829FA0094CBE4 /* PersonalPage */ = {
			isa = PBXGroup;
			children = (
				3E984F501EB82BA20094CBE4 /* PersonalViewController.h */,
				3E984F511EB82BA20094CBE4 /* PersonalViewController.m */,
				3E984F7B1EB89E210094CBE4 /* YYPersonalTableViewCell.h */,
				3E984F7C1EB89E210094CBE4 /* YYPersonalTableViewCell.m */,
				3E984F861EB9BF640094CBE4 /* MMButton.h */,
				3E984F871EB9BF640094CBE4 /* MMButton.m */,
				3E984F801EB9BD7F0094CBE4 /* MyBtnView.h */,
				3E984F811EB9BD7F0094CBE4 /* MyBtnView.m */,
			);
			name = PersonalPage;
			sourceTree = "<group>";
		};
		3E984F241EB82A060094CBE4 /* Other */ = {
			isa = PBXGroup;
			children = (
				3E984F531EB82E5D0094CBE4 /* YYDefine.pch */,
				3E984EF21EB821EE0094CBE4 /* Main.storyboard */,
				3E984EF51EB821EE0094CBE4 /* Assets.xcassets */,
				3E984EF71EB821EE0094CBE4 /* LaunchScreen.storyboard */,
				3E984F7E1EB9AD110094CBE4 /* avatar.jpg */,
				3E984EFA1EB821EE0094CBE4 /* Info.plist */,
			);
			name = Other;
			sourceTree = "<group>";
		};
		3E984F6A1EB87BA90094CBE4 /* View */ = {
			isa = PBXGroup;
			children = (
				3E984F791EB897CD0094CBE4 /* JXSegment.m */,
				3E984F771EB897C20094CBE4 /* JXPageView.m */,
				3E984F711EB87F300094CBE4 /* JXPageView.h */,
				3E984F721EB87F300094CBE4 /* JXPageView.m */,
				3E984F731EB87F300094CBE4 /* JXSegment.h */,
				3E984F741EB87F300094CBE4 /* JXSegment.m */,
				3E984F891EB9C6CC0094CBE4 /* EquipmentTableViewCell.h */,
				3E984F8A1EB9C6CC0094CBE4 /* EquipmentTableViewCell.m */,
				3E984FAC1EBC5D760094CBE4 /* AccountTableViewCell.h */,
				3E984FAD1EBC5D760094CBE4 /* AccountTableViewCell.m */,
				3E984FAE1EBC5D760094CBE4 /* PopListTableViewController.h */,
				3E984FAF1EBC5D760094CBE4 /* PopListTableViewController.m */,
			);
			name = View;
			sourceTree = "<group>";
		};
		3E984FAB1EBC5D5D0094CBE4 /* New Group */ = {
			isa = PBXGroup;
			children = (
			);
			name = "New Group";
			sourceTree = "<group>";
		};
		9A0057F069AF3E6774E301F8 /* Pods */ = {
			isa = PBXGroup;
			children = (
				FCEB0B1798004515169B3904 /* Pods-YuJia.debug.xcconfig */,
				E59A863B85B3DB5E62ED328E /* Pods-YuJia.release.xcconfig */,
			);
			name = Pods;
			sourceTree = "<group>";
		};
		FA9530CEF4F09046F856354B /* Frameworks */ = {
			isa = PBXGroup;
			children = (
				31C7631CFB80932FA44BD479 /* libPods-YuJia.a */,
			);
			name = Frameworks;
			sourceTree = "<group>";
		};
/* End PBXGroup section */

/* Begin PBXNativeTarget section */
		3E984EE51EB821EE0094CBE4 /* YuJia */ = {
			isa = PBXNativeTarget;
			buildConfigurationList = 3E984F131EB821EE0094CBE4 /* Build configuration list for PBXNativeTarget "YuJia" */;
			buildPhases = (
				42224D88EB5389098900AA59 /* [CP] Check Pods Manifest.lock */,
				3E984EE21EB821EE0094CBE4 /* Sources */,
				3E984EE31EB821EE0094CBE4 /* Frameworks */,
				3E984EE41EB821EE0094CBE4 /* Resources */,
				2E9E26B762F17188460D3D1F /* [CP] Embed Pods Frameworks */,
				30F05BC4CAE1DC2E14DD7226 /* [CP] Copy Pods Resources */,
			);
			buildRules = (
			);
			dependencies = (
			);
			name = YuJia;
			productName = YuJia;
			productReference = 3E984EE61EB821EE0094CBE4 /* YuJia.app */;
			productType = "com.apple.product-type.application";
		};
		3E984EFE1EB821EE0094CBE4 /* YuJiaTests */ = {
			isa = PBXNativeTarget;
			buildConfigurationList = 3E984F161EB821EE0094CBE4 /* Build configuration list for PBXNativeTarget "YuJiaTests" */;
			buildPhases = (
				3E984EFB1EB821EE0094CBE4 /* Sources */,
				3E984EFC1EB821EE0094CBE4 /* Frameworks */,
				3E984EFD1EB821EE0094CBE4 /* Resources */,
			);
			buildRules = (
			);
			dependencies = (
				3E984F011EB821EE0094CBE4 /* PBXTargetDependency */,
			);
			name = YuJiaTests;
			productName = YuJiaTests;
			productReference = 3E984EFF1EB821EE0094CBE4 /* YuJiaTests.xctest */;
			productType = "com.apple.product-type.bundle.unit-test";
		};
		3E984F091EB821EE0094CBE4 /* YuJiaUITests */ = {
			isa = PBXNativeTarget;
			buildConfigurationList = 3E984F191EB821EE0094CBE4 /* Build configuration list for PBXNativeTarget "YuJiaUITests" */;
			buildPhases = (
				3E984F061EB821EE0094CBE4 /* Sources */,
				3E984F071EB821EE0094CBE4 /* Frameworks */,
				3E984F081EB821EE0094CBE4 /* Resources */,
			);
			buildRules = (
			);
			dependencies = (
				3E984F0C1EB821EE0094CBE4 /* PBXTargetDependency */,
			);
			name = YuJiaUITests;
			productName = YuJiaUITests;
			productReference = 3E984F0A1EB821EE0094CBE4 /* YuJiaUITests.xctest */;
			productType = "com.apple.product-type.bundle.ui-testing";
		};
/* End PBXNativeTarget section */

/* Begin PBXProject section */
		3E984EDE1EB821EE0094CBE4 /* Project object */ = {
			isa = PBXProject;
			attributes = {
				LastUpgradeCheck = 0830;
				ORGANIZATIONNAME = wylt_ios_1;
				TargetAttributes = {
					3E984EE51EB821EE0094CBE4 = {
						CreatedOnToolsVersion = 8.3.1;
						DevelopmentTeam = HM3WX6CXQ7;
						ProvisioningStyle = Automatic;
					};
					3E984EFE1EB821EE0094CBE4 = {
						CreatedOnToolsVersion = 8.3.1;
						ProvisioningStyle = Automatic;
						TestTargetID = 3E984EE51EB821EE0094CBE4;
					};
					3E984F091EB821EE0094CBE4 = {
						CreatedOnToolsVersion = 8.3.1;
						ProvisioningStyle = Automatic;
						TestTargetID = 3E984EE51EB821EE0094CBE4;
					};
				};
			};
			buildConfigurationList = 3E984EE11EB821EE0094CBE4 /* Build configuration list for PBXProject "YuJia" */;
			compatibilityVersion = "Xcode 3.2";
			developmentRegion = English;
			hasScannedForEncodings = 0;
			knownRegions = (
				en,
				Base,
			);
			mainGroup = 3E984EDD1EB821EE0094CBE4;
			productRefGroup = 3E984EE71EB821EE0094CBE4 /* Products */;
			projectDirPath = "";
			projectRoot = "";
			targets = (
				3E984EE51EB821EE0094CBE4 /* YuJia */,
				3E984EFE1EB821EE0094CBE4 /* YuJiaTests */,
				3E984F091EB821EE0094CBE4 /* YuJiaUITests */,
			);
		};
/* End PBXProject section */

/* Begin PBXResourcesBuildPhase section */
		3E984EE41EB821EE0094CBE4 /* Resources */ = {
			isa = PBXResourcesBuildPhase;
			buildActionMask = 2147483647;
			files = (
				3E984EF91EB821EE0094CBE4 /* LaunchScreen.storyboard in Resources */,
				3E984F7F1EB9AD110094CBE4 /* avatar.jpg in Resources */,
				3E984EF61EB821EE0094CBE4 /* Assets.xcassets in Resources */,
				1661FE1E1EB8761900583A7F /* FunctionsList.plist in Resources */,
				3E984EF41EB821EE0094CBE4 /* Main.storyboard in Resources */,
			);
			runOnlyForDeploymentPostprocessing = 0;
		};
		3E984EFD1EB821EE0094CBE4 /* Resources */ = {
			isa = PBXResourcesBuildPhase;
			buildActionMask = 2147483647;
			files = (
			);
			runOnlyForDeploymentPostprocessing = 0;
		};
		3E984F081EB821EE0094CBE4 /* Resources */ = {
			isa = PBXResourcesBuildPhase;
			buildActionMask = 2147483647;
			files = (
			);
			runOnlyForDeploymentPostprocessing = 0;
		};
/* End PBXResourcesBuildPhase section */

/* Begin PBXShellScriptBuildPhase section */
		2E9E26B762F17188460D3D1F /* [CP] Embed Pods Frameworks */ = {
			isa = PBXShellScriptBuildPhase;
			buildActionMask = 2147483647;
			files = (
			);
			inputPaths = (
			);
			name = "[CP] Embed Pods Frameworks";
			outputPaths = (
			);
			runOnlyForDeploymentPostprocessing = 0;
			shellPath = /bin/sh;
			shellScript = "\"${SRCROOT}/Pods/Target Support Files/Pods-YuJia/Pods-YuJia-frameworks.sh\"\n";
			showEnvVarsInLog = 0;
		};
		30F05BC4CAE1DC2E14DD7226 /* [CP] Copy Pods Resources */ = {
			isa = PBXShellScriptBuildPhase;
			buildActionMask = 2147483647;
			files = (
			);
			inputPaths = (
			);
			name = "[CP] Copy Pods Resources";
			outputPaths = (
			);
			runOnlyForDeploymentPostprocessing = 0;
			shellPath = /bin/sh;
			shellScript = "\"${SRCROOT}/Pods/Target Support Files/Pods-YuJia/Pods-YuJia-resources.sh\"\n";
			showEnvVarsInLog = 0;
		};
		42224D88EB5389098900AA59 /* [CP] Check Pods Manifest.lock */ = {
			isa = PBXShellScriptBuildPhase;
			buildActionMask = 2147483647;
			files = (
			);
			inputPaths = (
			);
			name = "[CP] Check Pods Manifest.lock";
			outputPaths = (
			);
			runOnlyForDeploymentPostprocessing = 0;
			shellPath = /bin/sh;
			shellScript = "diff \"${PODS_ROOT}/../Podfile.lock\" \"${PODS_ROOT}/Manifest.lock\" > /dev/null\nif [ $? != 0 ] ; then\n    # print error to STDERR\n    echo \"error: The sandbox is not in sync with the Podfile.lock. Run 'pod install' or update your CocoaPods installation.\" >&2\n    exit 1\nfi\n";
			showEnvVarsInLog = 0;
		};
/* End PBXShellScriptBuildPhase section */

/* Begin PBXSourcesBuildPhase section */
		3E984EE21EB821EE0094CBE4 /* Sources */ = {
			isa = PBXSourcesBuildPhase;
			buildActionMask = 2147483647;
			files = (
				166FF4971EBC09E000846A59 /* IWComposeImageView.m in Sources */,
				166FF4961EBC09D600846A59 /* YJRepairSectionTwoTableViewCell.m in Sources */,
				3E984F2F1EB82AC50094CBE4 /* YYTabBar.m in Sources */,
				3E984F651EB831170094CBE4 /* NSString+unicode.m in Sources */,
				166FF4931EBC098A00846A59 /* UIView+Extension.m in Sources */,
				166FF4921EBC097E00846A59 /* YJRepairRecordTableViewCell.m in Sources */,
				3E984F8F1EB9E8830094CBE4 /* MMButton.m in Sources */,
				3E984F7A1EB897CD0094CBE4 /* JXSegment.m in Sources */,
				3E984FA41EBB383C0094CBE4 /* EquipmentSettingViewController.m in Sources */,
				3E984F781EB897C20094CBE4 /* JXPageView.m in Sources */,
				3E984F621EB831170094CBE4 /* HttpClient.m in Sources */,
				1661FE161EB864C900583A7F /* UIColor+colorValues.m in Sources */,
				3E984F521EB82BA20094CBE4 /* PersonalViewController.m in Sources */,
				3E984F821EB9BD7F0094CBE4 /* MyBtnView.m in Sources */,
				3E984F481EB82B550094CBE4 /* HomePageViewController.m in Sources */,
				3E984F921EBB08980094CBE4 /* AddEquipmentViewController.m in Sources */,
				1661FE2A1EB8792100583A7F /* YYPropertyFunctionList.m in Sources */,
				3E984FB01EBC5D760094CBE4 /* AccountTableViewCell.m in Sources */,
				1661FE1C1EB86D8F00583A7F /* YYFunctionCollectionViewCell.m in Sources */,
				3E984F671EB831170094CBE4 /* UIColor+Extension.m in Sources */,
				167130331EB9F7DD00CC2394 /* YJPhotoFlowLayout.m in Sources */,
				3E984F681EB831170094CBE4 /* ZYAlertSView.m in Sources */,
				1671302D1EB9B92700CC2394 /* YJRepairBaseInfoTableViewCell.m in Sources */,
				3E984F2D1EB82AC50094CBE4 /* YYNavigationController.m in Sources */,
				168466A91EBB495E00A98295 /* YJImageDisplayCollectionViewCell.m in Sources */,
				3E984F8E1EB9DB140094CBE4 /* SightSettingViewController.m in Sources */,
				167130301EB9F07100CC2394 /* BRPlaceholderTextView.m in Sources */,
				1661FE271EB8789100583A7F /* UILabel+Addition.m in Sources */,
				164F83FA1EBAC283002318A6 /* YJPhotoDisplayCollectionViewCell.m in Sources */,
				3E984F4E1EB82B7E0094CBE4 /* CircleGroupViewController.m in Sources */,
				3E984F9B1EBB1C280094CBE4 /* FailConnectViewController.m in Sources */,
				3E984F8B1EB9C6CC0094CBE4 /* EquipmentTableViewCell.m in Sources */,
				1661FE241EB8788700583A7F /* NSObject+Addition.m in Sources */,
				3E984FAA1EBC17450094CBE4 /* AddSightViewController.m in Sources */,
				3E984F4B1EB82B6B0094CBE4 /* PropertyViewController.m in Sources */,
				3E984F7D1EB89E210094CBE4 /* YYPersonalTableViewCell.m in Sources */,
				3E984F2E1EB82AC50094CBE4 /* YYTabBarController.m in Sources */,
				3E984FA71EBB3D3A0094CBE4 /* RoomSettingViewController.m in Sources */,
				3E984F951EBB110F0094CBE4 /* ConnectWifiViewController.m in Sources */,
				3E984F9E1EBB2B3D0094CBE4 /* SightViewController.m in Sources */,
				3E984FA11EBB2B560094CBE4 /* EquipmentViewController.m in Sources */,
				3E984F981EBB1C1B0094CBE4 /* SuccessConnectViewController.m in Sources */,
				3E984F641EB831170094CBE4 /* NSDictionary+Log.m in Sources */,
				168466A61EBB423000A98295 /* YJRepairRecordFlowLayout.m in Sources */,
				1661FE191EB86A1100583A7F /* YYFunctionListFlowLayout.m in Sources */,
				1671302A1EB9745500CC2394 /* YJHeaderTitleBtn.m in Sources */,
				1661FE361EB89D4000583A7F /* YYCircleTableViewCell.m in Sources */,
				3E984EEE1EB821EE0094CBE4 /* AppDelegate.m in Sources */,
				164F83F71EBAB69E002318A6 /* YJPhotoAddBtnCollectionViewCell.m in Sources */,
				3E984F631EB831170094CBE4 /* NSArray+Log.m in Sources */,
				3E984F661EB831170094CBE4 /* UIBarButtonItem+Helper.m in Sources */,
				3E984FB11EBC5D760094CBE4 /* PopListTableViewController.m in Sources */,
				1661FE301EB88B4800583A7F /* YYPropertyItemModel.m in Sources */,
				1661FE2D1EB880BF00583A7F /* YYPropertyTableViewCell.m in Sources */,
				167130271EB964BD00CC2394 /* YJReportRepairVC.m in Sources */,
				3E984F301EB82AC50094CBE4 /* YYTabBarItem.m in Sources */,
				3E984EEB1EB821EE0094CBE4 /* main.m in Sources */,
				1661FE211EB8777800583A7F /* NSArray+Addition.m in Sources */,
			);
			runOnlyForDeploymentPostprocessing = 0;
		};
		3E984EFB1EB821EE0094CBE4 /* Sources */ = {
			isa = PBXSourcesBuildPhase;
			buildActionMask = 2147483647;
			files = (
				3E984F041EB821EE0094CBE4 /* YuJiaTests.m in Sources */,
			);
			runOnlyForDeploymentPostprocessing = 0;
		};
		3E984F061EB821EE0094CBE4 /* Sources */ = {
			isa = PBXSourcesBuildPhase;
			buildActionMask = 2147483647;
			files = (
				3E984F0F1EB821EE0094CBE4 /* YuJiaUITests.m in Sources */,
			);
			runOnlyForDeploymentPostprocessing = 0;
		};
/* End PBXSourcesBuildPhase section */

/* Begin PBXTargetDependency section */
		3E984F011EB821EE0094CBE4 /* PBXTargetDependency */ = {
			isa = PBXTargetDependency;
			target = 3E984EE51EB821EE0094CBE4 /* YuJia */;
			targetProxy = 3E984F001EB821EE0094CBE4 /* PBXContainerItemProxy */;
		};
		3E984F0C1EB821EE0094CBE4 /* PBXTargetDependency */ = {
			isa = PBXTargetDependency;
			target = 3E984EE51EB821EE0094CBE4 /* YuJia */;
			targetProxy = 3E984F0B1EB821EE0094CBE4 /* PBXContainerItemProxy */;
		};
/* End PBXTargetDependency section */

/* Begin PBXVariantGroup section */
		3E984EF21EB821EE0094CBE4 /* Main.storyboard */ = {
			isa = PBXVariantGroup;
			children = (
				3E984EF31EB821EE0094CBE4 /* Base */,
			);
			name = Main.storyboard;
			sourceTree = "<group>";
		};
		3E984EF71EB821EE0094CBE4 /* LaunchScreen.storyboard */ = {
			isa = PBXVariantGroup;
			children = (
				3E984EF81EB821EE0094CBE4 /* Base */,
			);
			name = LaunchScreen.storyboard;
			sourceTree = "<group>";
		};
/* End PBXVariantGroup section */

/* Begin XCBuildConfiguration section */
		3E984F111EB821EE0094CBE4 /* Debug */ = {
			isa = XCBuildConfiguration;
			buildSettings = {
				ALWAYS_SEARCH_USER_PATHS = NO;
				CLANG_ANALYZER_NONNULL = YES;
				CLANG_ANALYZER_NUMBER_OBJECT_CONVERSION = YES_AGGRESSIVE;
				CLANG_CXX_LANGUAGE_STANDARD = "gnu++0x";
				CLANG_CXX_LIBRARY = "libc++";
				CLANG_ENABLE_MODULES = YES;
				CLANG_ENABLE_OBJC_ARC = YES;
				CLANG_WARN_BOOL_CONVERSION = YES;
				CLANG_WARN_CONSTANT_CONVERSION = YES;
				CLANG_WARN_DIRECT_OBJC_ISA_USAGE = YES_ERROR;
				CLANG_WARN_DOCUMENTATION_COMMENTS = YES;
				CLANG_WARN_EMPTY_BODY = YES;
				CLANG_WARN_ENUM_CONVERSION = YES;
				CLANG_WARN_INFINITE_RECURSION = YES;
				CLANG_WARN_INT_CONVERSION = YES;
				CLANG_WARN_OBJC_ROOT_CLASS = YES_ERROR;
				CLANG_WARN_SUSPICIOUS_MOVE = YES;
				CLANG_WARN_UNREACHABLE_CODE = YES;
				CLANG_WARN__DUPLICATE_METHOD_MATCH = YES;
				"CODE_SIGN_IDENTITY[sdk=iphoneos*]" = "iPhone Developer";
				COPY_PHASE_STRIP = NO;
				DEBUG_INFORMATION_FORMAT = dwarf;
				ENABLE_STRICT_OBJC_MSGSEND = YES;
				ENABLE_TESTABILITY = YES;
				GCC_C_LANGUAGE_STANDARD = gnu99;
				GCC_DYNAMIC_NO_PIC = NO;
				GCC_NO_COMMON_BLOCKS = YES;
				GCC_OPTIMIZATION_LEVEL = 0;
				GCC_PRECOMPILE_PREFIX_HEADER = NO;
				GCC_PREPROCESSOR_DEFINITIONS = (
					"DEBUG=1",
					"$(inherited)",
				);
				GCC_WARN_64_TO_32_BIT_CONVERSION = YES;
				GCC_WARN_ABOUT_RETURN_TYPE = YES_ERROR;
				GCC_WARN_UNDECLARED_SELECTOR = YES;
				GCC_WARN_UNINITIALIZED_AUTOS = YES_AGGRESSIVE;
				GCC_WARN_UNUSED_FUNCTION = YES;
				GCC_WARN_UNUSED_VARIABLE = YES;
				IPHONEOS_DEPLOYMENT_TARGET = 10.3;
				MTL_ENABLE_DEBUG_INFO = YES;
				ONLY_ACTIVE_ARCH = YES;
				SDKROOT = iphoneos;
				TARGETED_DEVICE_FAMILY = "1,2";
			};
			name = Debug;
		};
		3E984F121EB821EE0094CBE4 /* Release */ = {
			isa = XCBuildConfiguration;
			buildSettings = {
				ALWAYS_SEARCH_USER_PATHS = NO;
				CLANG_ANALYZER_NONNULL = YES;
				CLANG_ANALYZER_NUMBER_OBJECT_CONVERSION = YES_AGGRESSIVE;
				CLANG_CXX_LANGUAGE_STANDARD = "gnu++0x";
				CLANG_CXX_LIBRARY = "libc++";
				CLANG_ENABLE_MODULES = YES;
				CLANG_ENABLE_OBJC_ARC = YES;
				CLANG_WARN_BOOL_CONVERSION = YES;
				CLANG_WARN_CONSTANT_CONVERSION = YES;
				CLANG_WARN_DIRECT_OBJC_ISA_USAGE = YES_ERROR;
				CLANG_WARN_DOCUMENTATION_COMMENTS = YES;
				CLANG_WARN_EMPTY_BODY = YES;
				CLANG_WARN_ENUM_CONVERSION = YES;
				CLANG_WARN_INFINITE_RECURSION = YES;
				CLANG_WARN_INT_CONVERSION = YES;
				CLANG_WARN_OBJC_ROOT_CLASS = YES_ERROR;
				CLANG_WARN_SUSPICIOUS_MOVE = YES;
				CLANG_WARN_UNREACHABLE_CODE = YES;
				CLANG_WARN__DUPLICATE_METHOD_MATCH = YES;
				"CODE_SIGN_IDENTITY[sdk=iphoneos*]" = "iPhone Developer";
				COPY_PHASE_STRIP = NO;
				DEBUG_INFORMATION_FORMAT = "dwarf-with-dsym";
				ENABLE_NS_ASSERTIONS = NO;
				ENABLE_STRICT_OBJC_MSGSEND = YES;
				GCC_C_LANGUAGE_STANDARD = gnu99;
				GCC_NO_COMMON_BLOCKS = YES;
				GCC_PRECOMPILE_PREFIX_HEADER = NO;
				GCC_WARN_64_TO_32_BIT_CONVERSION = YES;
				GCC_WARN_ABOUT_RETURN_TYPE = YES_ERROR;
				GCC_WARN_UNDECLARED_SELECTOR = YES;
				GCC_WARN_UNINITIALIZED_AUTOS = YES_AGGRESSIVE;
				GCC_WARN_UNUSED_FUNCTION = YES;
				GCC_WARN_UNUSED_VARIABLE = YES;
				IPHONEOS_DEPLOYMENT_TARGET = 10.3;
				MTL_ENABLE_DEBUG_INFO = NO;
				SDKROOT = iphoneos;
				TARGETED_DEVICE_FAMILY = "1,2";
				VALIDATE_PRODUCT = YES;
			};
			name = Release;
		};
		3E984F141EB821EE0094CBE4 /* Debug */ = {
			isa = XCBuildConfiguration;
			baseConfigurationReference = FCEB0B1798004515169B3904 /* Pods-YuJia.debug.xcconfig */;
			buildSettings = {
				ASSETCATALOG_COMPILER_APPICON_NAME = AppIcon;
				DEVELOPMENT_TEAM = HM3WX6CXQ7;
				GCC_PRECOMPILE_PREFIX_HEADER = YES;
				GCC_PREFIX_HEADER = "$(SRCROOT)/YuJia/YYDefine.pch";
				INFOPLIST_FILE = YuJia/Info.plist;
				IPHONEOS_DEPLOYMENT_TARGET = 8.0;
				LD_RUNPATH_SEARCH_PATHS = "$(inherited) @executable_path/Frameworks";
				PRODUCT_BUNDLE_IDENTIFIER = com.technology.YuJia;
				PRODUCT_NAME = "$(TARGET_NAME)";
			};
			name = Debug;
		};
		3E984F151EB821EE0094CBE4 /* Release */ = {
			isa = XCBuildConfiguration;
			baseConfigurationReference = E59A863B85B3DB5E62ED328E /* Pods-YuJia.release.xcconfig */;
			buildSettings = {
				ASSETCATALOG_COMPILER_APPICON_NAME = AppIcon;
				DEVELOPMENT_TEAM = HM3WX6CXQ7;
				GCC_PRECOMPILE_PREFIX_HEADER = YES;
				GCC_PREFIX_HEADER = "$(SRCROOT)/YuJia/YYDefine.pch";
				INFOPLIST_FILE = YuJia/Info.plist;
				IPHONEOS_DEPLOYMENT_TARGET = 8.0;
				LD_RUNPATH_SEARCH_PATHS = "$(inherited) @executable_path/Frameworks";
				PRODUCT_BUNDLE_IDENTIFIER = com.technology.YuJia;
				PRODUCT_NAME = "$(TARGET_NAME)";
			};
			name = Release;
		};
		3E984F171EB821EE0094CBE4 /* Debug */ = {
			isa = XCBuildConfiguration;
			buildSettings = {
				BUNDLE_LOADER = "$(TEST_HOST)";
				INFOPLIST_FILE = YuJiaTests/Info.plist;
				LD_RUNPATH_SEARCH_PATHS = "$(inherited) @executable_path/Frameworks @loader_path/Frameworks";
				PRODUCT_BUNDLE_IDENTIFIER = com.technology.YuJiaTests;
				PRODUCT_NAME = "$(TARGET_NAME)";
				TEST_HOST = "$(BUILT_PRODUCTS_DIR)/YuJia.app/YuJia";
			};
			name = Debug;
		};
		3E984F181EB821EE0094CBE4 /* Release */ = {
			isa = XCBuildConfiguration;
			buildSettings = {
				BUNDLE_LOADER = "$(TEST_HOST)";
				INFOPLIST_FILE = YuJiaTests/Info.plist;
				LD_RUNPATH_SEARCH_PATHS = "$(inherited) @executable_path/Frameworks @loader_path/Frameworks";
				PRODUCT_BUNDLE_IDENTIFIER = com.technology.YuJiaTests;
				PRODUCT_NAME = "$(TARGET_NAME)";
				TEST_HOST = "$(BUILT_PRODUCTS_DIR)/YuJia.app/YuJia";
			};
			name = Release;
		};
		3E984F1A1EB821EE0094CBE4 /* Debug */ = {
			isa = XCBuildConfiguration;
			buildSettings = {
				INFOPLIST_FILE = YuJiaUITests/Info.plist;
				LD_RUNPATH_SEARCH_PATHS = "$(inherited) @executable_path/Frameworks @loader_path/Frameworks";
				PRODUCT_BUNDLE_IDENTIFIER = com.technology.YuJiaUITests;
				PRODUCT_NAME = "$(TARGET_NAME)";
				TEST_TARGET_NAME = YuJia;
			};
			name = Debug;
		};
		3E984F1B1EB821EE0094CBE4 /* Release */ = {
			isa = XCBuildConfiguration;
			buildSettings = {
				INFOPLIST_FILE = YuJiaUITests/Info.plist;
				LD_RUNPATH_SEARCH_PATHS = "$(inherited) @executable_path/Frameworks @loader_path/Frameworks";
				PRODUCT_BUNDLE_IDENTIFIER = com.technology.YuJiaUITests;
				PRODUCT_NAME = "$(TARGET_NAME)";
				TEST_TARGET_NAME = YuJia;
			};
			name = Release;
		};
/* End XCBuildConfiguration section */

/* Begin XCConfigurationList section */
		3E984EE11EB821EE0094CBE4 /* Build configuration list for PBXProject "YuJia" */ = {
			isa = XCConfigurationList;
			buildConfigurations = (
				3E984F111EB821EE0094CBE4 /* Debug */,
				3E984F121EB821EE0094CBE4 /* Release */,
			);
			defaultConfigurationIsVisible = 0;
			defaultConfigurationName = Release;
		};
		3E984F131EB821EE0094CBE4 /* Build configuration list for PBXNativeTarget "YuJia" */ = {
			isa = XCConfigurationList;
			buildConfigurations = (
				3E984F141EB821EE0094CBE4 /* Debug */,
				3E984F151EB821EE0094CBE4 /* Release */,
			);
			defaultConfigurationIsVisible = 0;
			defaultConfigurationName = Release;
		};
		3E984F161EB821EE0094CBE4 /* Build configuration list for PBXNativeTarget "YuJiaTests" */ = {
			isa = XCConfigurationList;
			buildConfigurations = (
				3E984F171EB821EE0094CBE4 /* Debug */,
				3E984F181EB821EE0094CBE4 /* Release */,
			);
			defaultConfigurationIsVisible = 0;
			defaultConfigurationName = Release;
		};
		3E984F191EB821EE0094CBE4 /* Build configuration list for PBXNativeTarget "YuJiaUITests" */ = {
			isa = XCConfigurationList;
			buildConfigurations = (
				3E984F1A1EB821EE0094CBE4 /* Debug */,
				3E984F1B1EB821EE0094CBE4 /* Release */,
			);
			defaultConfigurationIsVisible = 0;
			defaultConfigurationName = Release;
		};
/* End XCConfigurationList section */
	};
	rootObject = 3E984EDE1EB821EE0094CBE4 /* Project object */;
}
