// !$*UTF8*$!
{
	archiveVersion = 1;
	classes = {
	};
	objectVersion = 46;
	objects = {

/* Begin PBXBuildFile section */
		3E984EEB1EB821EE0094CBE4 /* main.m in Sources */ = {isa = PBXBuildFile; fileRef = 3E984EEA1EB821EE0094CBE4 /* main.m */; };
		3E984EEE1EB821EE0094CBE4 /* AppDelegate.m in Sources */ = {isa = PBXBuildFile; fileRef = 3E984EED1EB821EE0094CBE4 /* AppDelegate.m */; };
		3E984EF11EB821EE0094CBE4 /* ViewController.m in Sources */ = {isa = PBXBuildFile; fileRef = 3E984EF01EB821EE0094CBE4 /* ViewController.m */; };
		3E984EF41EB821EE0094CBE4 /* Main.storyboard in Resources */ = {isa = PBXBuildFile; fileRef = 3E984EF21EB821EE0094CBE4 /* Main.storyboard */; };
		3E984EF61EB821EE0094CBE4 /* Assets.xcassets in Resources */ = {isa = PBXBuildFile; fileRef = 3E984EF51EB821EE0094CBE4 /* Assets.xcassets */; };
		3E984EF91EB821EE0094CBE4 /* LaunchScreen.storyboard in Resources */ = {isa = PBXBuildFile; fileRef = 3E984EF71EB821EE0094CBE4 /* LaunchScreen.storyboard */; };
		3E984F041EB821EE0094CBE4 /* YuJiaTests.m in Sources */ = {isa = PBXBuildFile; fileRef = 3E984F031EB821EE0094CBE4 /* YuJiaTests.m */; };
		3E984F0F1EB821EE0094CBE4 /* YuJiaUITests.m in Sources */ = {isa = PBXBuildFile; fileRef = 3E984F0E1EB821EE0094CBE4 /* YuJiaUITests.m */; };
/* End PBXBuildFile section */

/* Begin PBXContainerItemProxy section */
		3E984F001EB821EE0094CBE4 /* PBXContainerItemProxy */ = {
			isa = PBXContainerItemProxy;
			containerPortal = 3E984EDE1EB821EE0094CBE4 /* Project object */;
			proxyType = 1;
			remoteGlobalIDString = 3E984EE51EB821EE0094CBE4;
			remoteInfo = YuJia;
		};
		3E984F0B1EB821EE0094CBE4 /* PBXContainerItemProxy */ = {
			isa = PBXContainerItemProxy;
			containerPortal = 3E984EDE1EB821EE0094CBE4 /* Project object */;
			proxyType = 1;
			remoteGlobalIDString = 3E984EE51EB821EE0094CBE4;
			remoteInfo = YuJia;
		};
/* End PBXContainerItemProxy section */

/* Begin PBXFileReference section */
		3E984EE61EB821EE0094CBE4 /* YuJia.app */ = {isa = PBXFileReference; explicitFileType = wrapper.application; includeInIndex = 0; path = YuJia.app; sourceTree = BUILT_PRODUCTS_DIR; };
		3E984EEA1EB821EE0094CBE4 /* main.m */ = {isa = PBXFileReference; lastKnownFileType = sourcecode.c.objc; path = main.m; sourceTree = "<group>"; };
		3E984EEC1EB821EE0094CBE4 /* AppDelegate.h */ = {isa = PBXFileReference; lastKnownFileType = sourcecode.c.h; path = AppDelegate.h; sourceTree = "<group>"; };
		3E984EED1EB821EE0094CBE4 /* AppDelegate.m */ = {isa = PBXFileReference; lastKnownFileType = sourcecode.c.objc; path = AppDelegate.m; sourceTree = "<group>"; };
		3E984EEF1EB821EE0094CBE4 /* ViewController.h */ = {isa = PBXFileReference; lastKnownFileType = sourcecode.c.h; path = ViewController.h; sourceTree = "<group>"; };
		3E984EF01EB821EE0094CBE4 /* ViewController.m */ = {isa = PBXFileReference; lastKnownFileType = sourcecode.c.objc; path = ViewController.m; sourceTree = "<group>"; };
		3E984EF31EB821EE0094CBE4 /* Base */ = {isa = PBXFileReference; lastKnownFileType = file.storyboard; name = Base; path = Base.lproj/Main.storyboard; sourceTree = "<group>"; };
		3E984EF51EB821EE0094CBE4 /* Assets.xcassets */ = {isa = PBXFileReference; lastKnownFileType = folder.assetcatalog; path = Assets.xcassets; sourceTree = "<group>"; };
		3E984EF81EB821EE0094CBE4 /* Base */ = {isa = PBXFileReference; lastKnownFileType = file.storyboard; name = Base; path = Base.lproj/LaunchScreen.storyboard; sourceTree = "<group>"; };
		3E984EFA1EB821EE0094CBE4 /* Info.plist */ = {isa = PBXFileReference; lastKnownFileType = text.plist.xml; path = Info.plist; sourceTree = "<group>"; };
		3E984EFF1EB821EE0094CBE4 /* YuJiaTests.xctest */ = {isa = PBXFileReference; explicitFileType = wrapper.cfbundle; includeInIndex = 0; path = YuJiaTests.xctest; sourceTree = BUILT_PRODUCTS_DIR; };
		3E984F031EB821EE0094CBE4 /* YuJiaTests.m */ = {isa = PBXFileReference; lastKnownFileType = sourcecode.c.objc; path = YuJiaTests.m; sourceTree = "<group>"; };
		3E984F051EB821EE0094CBE4 /* Info.plist */ = {isa = PBXFileReference; lastKnownFileType = text.plist.xml; path = Info.plist; sourceTree = "<group>"; };
		3E984F0A1EB821EE0094CBE4 /* YuJiaUITests.xctest */ = {isa = PBXFileReference; explicitFileType = wrapper.cfbundle; includeInIndex = 0; path = YuJiaUITests.xctest; sourceTree = BUILT_PRODUCTS_DIR; };
		3E984F0E1EB821EE0094CBE4 /* YuJiaUITests.m */ = {isa = PBXFileReference; lastKnownFileType = sourcecode.c.objc; path = YuJiaUITests.m; sourceTree = "<group>"; };
		3E984F101EB821EE0094CBE4 /* Info.plist */ = {isa = PBXFileReference; lastKnownFileType = text.plist.xml; path = Info.plist; sourceTree = "<group>"; };
/* End PBXFileReference section */

/* Begin PBXFrameworksBuildPhase section */
		3E984EE31EB821EE0094CBE4 /* Frameworks */ = {
			isa = PBXFrameworksBuildPhase;
			buildActionMask = 2147483647;
			files = (
			);
			runOnlyForDeploymentPostprocessing = 0;
		};
		3E984EFC1EB821EE0094CBE4 /* Frameworks */ = {
			isa = PBXFrameworksBuildPhase;
			buildActionMask = 2147483647;
			files = (
			);
			runOnlyForDeploymentPostprocessing = 0;
		};
		3E984F071EB821EE0094CBE4 /* Frameworks */ = {
			isa = PBXFrameworksBuildPhase;
			buildActionMask = 2147483647;
			files = (
			);
			runOnlyForDeploymentPostprocessing = 0;
		};
/* End PBXFrameworksBuildPhase section */

/* Begin PBXGroup section */
		3E984EDD1EB821EE0094CBE4 = {
			isa = PBXGroup;
			children = (
				3E984EE81EB821EE0094CBE4 /* YuJia */,
				3E984F021EB821EE0094CBE4 /* YuJiaTests */,
				3E984F0D1EB821EE0094CBE4 /* YuJiaUITests */,
				3E984EE71EB821EE0094CBE4 /* Products */,
			);
			sourceTree = "<group>";
		};
		3E984EE71EB821EE0094CBE4 /* Products */ = {
			isa = PBXGroup;
			children = (
				3E984EE61EB821EE0094CBE4 /* YuJia.app */,
				3E984EFF1EB821EE0094CBE4 /* YuJiaTests.xctest */,
				3E984F0A1EB821EE0094CBE4 /* YuJiaUITests.xctest */,
			);
			name = Products;
			sourceTree = "<group>";
		};
		3E984EE81EB821EE0094CBE4 /* YuJia */ = {
			isa = PBXGroup;
			children = (
				3E984EEC1EB821EE0094CBE4 /* AppDelegate.h */,
				3E984EED1EB821EE0094CBE4 /* AppDelegate.m */,
				3E984EEF1EB821EE0094CBE4 /* ViewController.h */,
				3E984EF01EB821EE0094CBE4 /* ViewController.m */,
				3E984EF21EB821EE0094CBE4 /* Main.storyboard */,
				3E984EF51EB821EE0094CBE4 /* Assets.xcassets */,
				3E984EF71EB821EE0094CBE4 /* LaunchScreen.storyboard */,
				3E984EFA1EB821EE0094CBE4 /* Info.plist */,
				3E984EE91EB821EE0094CBE4 /* Supporting Files */,
			);
			path = YuJia;
			sourceTree = "<group>";
		};
		3E984EE91EB821EE0094CBE4 /* Supporting Files */ = {
			isa = PBXGroup;
			children = (
				3E984EEA1EB821EE0094CBE4 /* main.m */,
			);
			name = "Supporting Files";
			sourceTree = "<group>";
		};
		3E984F021EB821EE0094CBE4 /* YuJiaTests */ = {
			isa = PBXGroup;
			children = (
				3E984F031EB821EE0094CBE4 /* YuJiaTests.m */,
				3E984F051EB821EE0094CBE4 /* Info.plist */,
			);
			path = YuJiaTests;
			sourceTree = "<group>";
		};
		3E984F0D1EB821EE0094CBE4 /* YuJiaUITests */ = {
			isa = PBXGroup;
			children = (
				3E984F0E1EB821EE0094CBE4 /* YuJiaUITests.m */,
				3E984F101EB821EE0094CBE4 /* Info.plist */,
			);
			path = YuJiaUITests;
			sourceTree = "<group>";
		};
/* End PBXGroup section */

/* Begin PBXNativeTarget section */
		3E984EE51EB821EE0094CBE4 /* YuJia */ = {
			isa = PBXNativeTarget;
			buildConfigurationList = 3E984F131EB821EE0094CBE4 /* Build configuration list for PBXNativeTarget "YuJia" */;
			buildPhases = (
				3E984EE21EB821EE0094CBE4 /* Sources */,
				3E984EE31EB821EE0094CBE4 /* Frameworks */,
				3E984EE41EB821EE0094CBE4 /* Resources */,
			);
			buildRules = (
			);
			dependencies = (
			);
			name = YuJia;
			productName = YuJia;
			productReference = 3E984EE61EB821EE0094CBE4 /* YuJia.app */;
			productType = "com.apple.product-type.application";
		};
		3E984EFE1EB821EE0094CBE4 /* YuJiaTests */ = {
			isa = PBXNativeTarget;
			buildConfigurationList = 3E984F161EB821EE0094CBE4 /* Build configuration list for PBXNativeTarget "YuJiaTests" */;
			buildPhases = (
				3E984EFB1EB821EE0094CBE4 /* Sources */,
				3E984EFC1EB821EE0094CBE4 /* Frameworks */,
				3E984EFD1EB821EE0094CBE4 /* Resources */,
			);
			buildRules = (
			);
			dependencies = (
				3E984F011EB821EE0094CBE4 /* PBXTargetDependency */,
			);
			name = YuJiaTests;
			productName = YuJiaTests;
			productReference = 3E984EFF1EB821EE0094CBE4 /* YuJiaTests.xctest */;
			productType = "com.apple.product-type.bundle.unit-test";
		};
		3E984F091EB821EE0094CBE4 /* YuJiaUITests */ = {
			isa = PBXNativeTarget;
			buildConfigurationList = 3E984F191EB821EE0094CBE4 /* Build configuration list for PBXNativeTarget "YuJiaUITests" */;
			buildPhases = (
				3E984F061EB821EE0094CBE4 /* Sources */,
				3E984F071EB821EE0094CBE4 /* Frameworks */,
				3E984F081EB821EE0094CBE4 /* Resources */,
			);
			buildRules = (
			);
			dependencies = (
				3E984F0C1EB821EE0094CBE4 /* PBXTargetDependency */,
			);
			name = YuJiaUITests;
			productName = YuJiaUITests;
			productReference = 3E984F0A1EB821EE0094CBE4 /* YuJiaUITests.xctest */;
			productType = "com.apple.product-type.bundle.ui-testing";
		};
/* End PBXNativeTarget section */

/* Begin PBXProject section */
		3E984EDE1EB821EE0094CBE4 /* Project object */ = {
			isa = PBXProject;
			attributes = {
				LastUpgradeCheck = 0830;
				ORGANIZATIONNAME = wylt_ios_1;
				TargetAttributes = {
					3E984EE51EB821EE0094CBE4 = {
						CreatedOnToolsVersion = 8.3.1;
						ProvisioningStyle = Automatic;
					};
					3E984EFE1EB821EE0094CBE4 = {
						CreatedOnToolsVersion = 8.3.1;
						ProvisioningStyle = Automatic;
						TestTargetID = 3E984EE51EB821EE0094CBE4;
					};
					3E984F091EB821EE0094CBE4 = {
						CreatedOnToolsVersion = 8.3.1;
						ProvisioningStyle = Automatic;
						TestTargetID = 3E984EE51EB821EE0094CBE4;
					};
				};
			};
			buildConfigurationList = 3E984EE11EB821EE0094CBE4 /* Build configuration list for PBXProject "YuJia" */;
			compatibilityVersion = "Xcode 3.2";
			developmentRegion = English;
			hasScannedForEncodings = 0;
			knownRegions = (
				en,
				Base,
			);
			mainGroup = 3E984EDD1EB821EE0094CBE4;
			productRefGroup = 3E984EE71EB821EE0094CBE4 /* Products */;
			projectDirPath = "";
			projectRoot = "";
			targets = (
				3E984EE51EB821EE0094CBE4 /* YuJia */,
				3E984EFE1EB821EE0094CBE4 /* YuJiaTests */,
				3E984F091EB821EE0094CBE4 /* YuJiaUITests */,
			);
		};
/* End PBXProject section */

/* Begin PBXResourcesBuildPhase section */
		3E984EE41EB821EE0094CBE4 /* Resources */ = {
			isa = PBXResourcesBuildPhase;
			buildActionMask = 2147483647;
			files = (
				3E984EF91EB821EE0094CBE4 /* LaunchScreen.storyboard in Resources */,
				3E984EF61EB821EE0094CBE4 /* Assets.xcassets in Resources */,
				3E984EF41EB821EE0094CBE4 /* Main.storyboard in Resources */,
			);
			runOnlyForDeploymentPostprocessing = 0;
		};
		3E984EFD1EB821EE0094CBE4 /* Resources */ = {
			isa = PBXResourcesBuildPhase;
			buildActionMask = 2147483647;
			files = (
			);
			runOnlyForDeploymentPostprocessing = 0;
		};
		3E984F081EB821EE0094CBE4 /* Resources */ = {
			isa = PBXResourcesBuildPhase;
			buildActionMask = 2147483647;
			files = (
			);
			runOnlyForDeploymentPostprocessing = 0;
		};
/* End PBXResourcesBuildPhase section */

/* Begin PBXSourcesBuildPhase section */
		3E984EE21EB821EE0094CBE4 /* Sources */ = {
			isa = PBXSourcesBuildPhase;
			buildActionMask = 2147483647;
			files = (
				3E984EF11EB821EE0094CBE4 /* ViewController.m in Sources */,
				3E984EEE1EB821EE0094CBE4 /* AppDelegate.m in Sources */,
				3E984EEB1EB821EE0094CBE4 /* main.m in Sources */,
			);
			runOnlyForDeploymentPostprocessing = 0;
		};
		3E984EFB1EB821EE0094CBE4 /* Sources */ = {
			isa = PBXSourcesBuildPhase;
			buildActionMask = 2147483647;
			files = (
				3E984F041EB821EE0094CBE4 /* YuJiaTests.m in Sources */,
			);
			runOnlyForDeploymentPostprocessing = 0;
		};
		3E984F061EB821EE0094CBE4 /* Sources */ = {
			isa = PBXSourcesBuildPhase;
			buildActionMask = 2147483647;
			files = (
				3E984F0F1EB821EE0094CBE4 /* YuJiaUITests.m in Sources */,
			);
			runOnlyForDeploymentPostprocessing = 0;
		};
/* End PBXSourcesBuildPhase section */

/* Begin PBXTargetDependency section */
		3E984F011EB821EE0094CBE4 /* PBXTargetDependency */ = {
			isa = PBXTargetDependency;
			target = 3E984EE51EB821EE0094CBE4 /* YuJia */;
			targetProxy = 3E984F001EB821EE0094CBE4 /* PBXContainerItemProxy */;
		};
		3E984F0C1EB821EE0094CBE4 /* PBXTargetDependency */ = {
			isa = PBXTargetDependency;
			target = 3E984EE51EB821EE0094CBE4 /* YuJia */;
			targetProxy = 3E984F0B1EB821EE0094CBE4 /* PBXContainerItemProxy */;
		};
/* End PBXTargetDependency section */

/* Begin PBXVariantGroup section */
		3E984EF21EB821EE0094CBE4 /* Main.storyboard */ = {
			isa = PBXVariantGroup;
			children = (
				3E984EF31EB821EE0094CBE4 /* Base */,
			);
			name = Main.storyboard;
			sourceTree = "<group>";
		};
		3E984EF71EB821EE0094CBE4 /* LaunchScreen.storyboard */ = {
			isa = PBXVariantGroup;
			children = (
				3E984EF81EB821EE0094CBE4 /* Base */,
			);
			name = LaunchScreen.storyboard;
			sourceTree = "<group>";
		};
/* End PBXVariantGroup section */

/* Begin XCBuildConfiguration section */
		3E984F111EB821EE0094CBE4 /* Debug */ = {
			isa = XCBuildConfiguration;
			buildSettings = {
				ALWAYS_SEARCH_USER_PATHS = NO;
				CLANG_ANALYZER_NONNULL = YES;
				CLANG_ANALYZER_NUMBER_OBJECT_CONVERSION = YES_AGGRESSIVE;
				CLANG_CXX_LANGUAGE_STANDARD = "gnu++0x";
				CLANG_CXX_LIBRARY = "libc++";
				CLANG_ENABLE_MODULES = YES;
				CLANG_ENABLE_OBJC_ARC = YES;
				CLANG_WARN_BOOL_CONVERSION = YES;
				CLANG_WARN_CONSTANT_CONVERSION = YES;
				CLANG_WARN_DIRECT_OBJC_ISA_USAGE = YES_ERROR;
				CLANG_WARN_DOCUMENTATION_COMMENTS = YES;
				CLANG_WARN_EMPTY_BODY = YES;
				CLANG_WARN_ENUM_CONVERSION = YES;
				CLANG_WARN_INFINITE_RECURSION = YES;
				CLANG_WARN_INT_CONVERSION = YES;
				CLANG_WARN_OBJC_ROOT_CLASS = YES_ERROR;
				CLANG_WARN_SUSPICIOUS_MOVE = YES;
				CLANG_WARN_UNREACHABLE_CODE = YES;
				CLANG_WARN__DUPLICATE_METHOD_MATCH = YES;
				"CODE_SIGN_IDENTITY[sdk=iphoneos*]" = "iPhone Developer";
				COPY_PHASE_STRIP = NO;
				DEBUG_INFORMATION_FORMAT = dwarf;
				ENABLE_STRICT_OBJC_MSGSEND = YES;
				ENABLE_TESTABILITY = YES;
				GCC_C_LANGUAGE_STANDARD = gnu99;
				GCC_DYNAMIC_NO_PIC = NO;
				GCC_NO_COMMON_BLOCKS = YES;
				GCC_OPTIMIZATION_LEVEL = 0;
				GCC_PREPROCESSOR_DEFINITIONS = (
					"DEBUG=1",
					"$(inherited)",
				);
				GCC_WARN_64_TO_32_BIT_CONVERSION = YES;
				GCC_WARN_ABOUT_RETURN_TYPE = YES_ERROR;
				GCC_WARN_UNDECLARED_SELECTOR = YES;
				GCC_WARN_UNINITIALIZED_AUTOS = YES_AGGRESSIVE;
				GCC_WARN_UNUSED_FUNCTION = YES;
				GCC_WARN_UNUSED_VARIABLE = YES;
				IPHONEOS_DEPLOYMENT_TARGET = 10.3;
				MTL_ENABLE_DEBUG_INFO = YES;
				ONLY_ACTIVE_ARCH = YES;
				SDKROOT = iphoneos;
				TARGETED_DEVICE_FAMILY = "1,2";
			};
			name = Debug;
		};
		3E984F121EB821EE0094CBE4 /* Release */ = {
			isa = XCBuildConfiguration;
			buildSettings = {
				ALWAYS_SEARCH_USER_PATHS = NO;
				CLANG_ANALYZER_NONNULL = YES;
				CLANG_ANALYZER_NUMBER_OBJECT_CONVERSION = YES_AGGRESSIVE;
				CLANG_CXX_LANGUAGE_STANDARD = "gnu++0x";
				CLANG_CXX_LIBRARY = "libc++";
				CLANG_ENABLE_MODULES = YES;
				CLANG_ENABLE_OBJC_ARC = YES;
				CLANG_WARN_BOOL_CONVERSION = YES;
				CLANG_WARN_CONSTANT_CONVERSION = YES;
				CLANG_WARN_DIRECT_OBJC_ISA_USAGE = YES_ERROR;
				CLANG_WARN_DOCUMENTATION_COMMENTS = YES;
				CLANG_WARN_EMPTY_BODY = YES;
				CLANG_WARN_ENUM_CONVERSION = YES;
				CLANG_WARN_INFINITE_RECURSION = YES;
				CLANG_WARN_INT_CONVERSION = YES;
				CLANG_WARN_OBJC_ROOT_CLASS = YES_ERROR;
				CLANG_WARN_SUSPICIOUS_MOVE = YES;
				CLANG_WARN_UNREACHABLE_CODE = YES;
				CLANG_WARN__DUPLICATE_METHOD_MATCH = YES;
				"CODE_SIGN_IDENTITY[sdk=iphoneos*]" = "iPhone Developer";
				COPY_PHASE_STRIP = NO;
				DEBUG_INFORMATION_FORMAT = "dwarf-with-dsym";
				ENABLE_NS_ASSERTIONS = NO;
				ENABLE_STRICT_OBJC_MSGSEND = YES;
				GCC_C_LANGUAGE_STANDARD = gnu99;
				GCC_NO_COMMON_BLOCKS = YES;
				GCC_WARN_64_TO_32_BIT_CONVERSION = YES;
				GCC_WARN_ABOUT_RETURN_TYPE = YES_ERROR;
				GCC_WARN_UNDECLARED_SELECTOR = YES;
				GCC_WARN_UNINITIALIZED_AUTOS = YES_AGGRESSIVE;
				GCC_WARN_UNUSED_FUNCTION = YES;
				GCC_WARN_UNUSED_VARIABLE = YES;
				IPHONEOS_DEPLOYMENT_TARGET = 10.3;
				MTL_ENABLE_DEBUG_INFO = NO;
				SDKROOT = iphoneos;
				TARGETED_DEVICE_FAMILY = "1,2";
				VALIDATE_PRODUCT = YES;
			};
			name = Release;
		};
		3E984F141EB821EE0094CBE4 /* Debug */ = {
			isa = XCBuildConfiguration;
			buildSettings = {
				ASSETCATALOG_COMPILER_APPICON_NAME = AppIcon;
				INFOPLIST_FILE = YuJia/Info.plist;
				LD_RUNPATH_SEARCH_PATHS = "$(inherited) @executable_path/Frameworks";
				PRODUCT_BUNDLE_IDENTIFIER = com.technology.YuJia;
				PRODUCT_NAME = "$(TARGET_NAME)";
			};
			name = Debug;
		};
		3E984F151EB821EE0094CBE4 /* Release */ = {
			isa = XCBuildConfiguration;
			buildSettings = {
				ASSETCATALOG_COMPILER_APPICON_NAME = AppIcon;
				INFOPLIST_FILE = YuJia/Info.plist;
				LD_RUNPATH_SEARCH_PATHS = "$(inherited) @executable_path/Frameworks";
				PRODUCT_BUNDLE_IDENTIFIER = com.technology.YuJia;
				PRODUCT_NAME = "$(TARGET_NAME)";
			};
			name = Release;
		};
		3E984F171EB821EE0094CBE4 /* Debug */ = {
			isa = XCBuildConfiguration;
			buildSettings = {
				BUNDLE_LOADER = "$(TEST_HOST)";
				INFOPLIST_FILE = YuJiaTests/Info.plist;
				LD_RUNPATH_SEARCH_PATHS = "$(inherited) @executable_path/Frameworks @loader_path/Frameworks";
				PRODUCT_BUNDLE_IDENTIFIER = com.technology.YuJiaTests;
				PRODUCT_NAME = "$(TARGET_NAME)";
				TEST_HOST = "$(BUILT_PRODUCTS_DIR)/YuJia.app/YuJia";
			};
			name = Debug;
		};
		3E984F181EB821EE0094CBE4 /* Release */ = {
			isa = XCBuildConfiguration;
			buildSettings = {
				BUNDLE_LOADER = "$(TEST_HOST)";
				INFOPLIST_FILE = YuJiaTests/Info.plist;
				LD_RUNPATH_SEARCH_PATHS = "$(inherited) @executable_path/Frameworks @loader_path/Frameworks";
				PRODUCT_BUNDLE_IDENTIFIER = com.technology.YuJiaTests;
				PRODUCT_NAME = "$(TARGET_NAME)";
				TEST_HOST = "$(BUILT_PRODUCTS_DIR)/YuJia.app/YuJia";
			};
			name = Release;
		};
		3E984F1A1EB821EE0094CBE4 /* Debug */ = {
			isa = XCBuildConfiguration;
			buildSettings = {
				INFOPLIST_FILE = YuJiaUITests/Info.plist;
				LD_RUNPATH_SEARCH_PATHS = "$(inherited) @executable_path/Frameworks @loader_path/Frameworks";
				PRODUCT_BUNDLE_IDENTIFIER = com.technology.YuJiaUITests;
				PRODUCT_NAME = "$(TARGET_NAME)";
				TEST_TARGET_NAME = YuJia;
			};
			name = Debug;
		};
		3E984F1B1EB821EE0094CBE4 /* Release */ = {
			isa = XCBuildConfiguration;
			buildSettings = {
				INFOPLIST_FILE = YuJiaUITests/Info.plist;
				LD_RUNPATH_SEARCH_PATHS = "$(inherited) @executable_path/Frameworks @loader_path/Frameworks";
				PRODUCT_BUNDLE_IDENTIFIER = com.technology.YuJiaUITests;
				PRODUCT_NAME = "$(TARGET_NAME)";
				TEST_TARGET_NAME = YuJia;
			};
			name = Release;
		};
/* End XCBuildConfiguration section */

/* Begin XCConfigurationList section */
		3E984EE11EB821EE0094CBE4 /* Build configuration list for PBXProject "YuJia" */ = {
			isa = XCConfigurationList;
			buildConfigurations = (
				3E984F111EB821EE0094CBE4 /* Debug */,
				3E984F121EB821EE0094CBE4 /* Release */,
			);
			defaultConfigurationIsVisible = 0;
			defaultConfigurationName = Release;
		};
		3E984F131EB821EE0094CBE4 /* Build configuration list for PBXNativeTarget "YuJia" */ = {
			isa = XCConfigurationList;
			buildConfigurations = (
				3E984F141EB821EE0094CBE4 /* Debug */,
				3E984F151EB821EE0094CBE4 /* Release */,
			);
			defaultConfigurationIsVisible = 0;
		};
		3E984F161EB821EE0094CBE4 /* Build configuration list for PBXNativeTarget "YuJiaTests" */ = {
			isa = XCConfigurationList;
			buildConfigurations = (
				3E984F171EB821EE0094CBE4 /* Debug */,
				3E984F181EB821EE0094CBE4 /* Release */,
			);
			defaultConfigurationIsVisible = 0;
		};
		3E984F191EB821EE0094CBE4 /* Build configuration list for PBXNativeTarget "YuJiaUITests" */ = {
			isa = XCConfigurationList;
			buildConfigurations = (
				3E984F1A1EB821EE0094CBE4 /* Debug */,
				3E984F1B1EB821EE0094CBE4 /* Release */,
			);
			defaultConfigurationIsVisible = 0;
		};
/* End XCConfigurationList section */
	};
	rootObject = 3E984EDE1EB821EE0094CBE4 /* Project object */;
}
